// !$*UTF8*$!
{
	archiveVersion = 1;
	classes = {
	};
	objectVersion = 50;
	objects = {

/* Begin PBXBuildFile section */
		5CA6E27FF73910B2FFB64484 /* libPods-cie-pkcs11.a in Frameworks */ = {isa = PBXBuildFile; fileRef = 228A3612AA9E73AB30473645 /* libPods-cie-pkcs11.a */; };
		E50A8A08213BE019006A000D /* AbilitaCIE.h in Headers */ = {isa = PBXBuildFile; fileRef = E50A8A07213BE018006A000D /* AbilitaCIE.h */; };
		E50A8A0A213BE053006A000D /* AbilitaCIE.mm in Sources */ = {isa = PBXBuildFile; fileRef = E50A8A09213BE053006A000D /* AbilitaCIE.mm */; };
		E50A8A0D213BE121006A000D /* Cocoa.framework in Frameworks */ = {isa = PBXBuildFile; fileRef = E50A8A0B213BE121006A000D /* Cocoa.framework */; };
		E50A8A0E213BE121006A000D /* AppKit.framework in Frameworks */ = {isa = PBXBuildFile; fileRef = E50A8A0C213BE121006A000D /* AppKit.framework */; };
		E50A8A10213BE4C6006A000D /* AbilitaCIE.cpp in Sources */ = {isa = PBXBuildFile; fileRef = E50A8A0F213BE4C6006A000D /* AbilitaCIE.cpp */; };
		E543F955215F6B1D0088CBC5 /* CryptoppUtils.cpp in Sources */ = {isa = PBXBuildFile; fileRef = E543F954215F6B1C0088CBC5 /* CryptoppUtils.cpp */; };
		E543F957215F6B250088CBC5 /* CryptoppUtils.h in Headers */ = {isa = PBXBuildFile; fileRef = E543F956215F6B250088CBC5 /* CryptoppUtils.h */; };
		E54EF4302100D91200E2EADD /* libcryptopp.a in Frameworks */ = {isa = PBXBuildFile; fileRef = E54EF42F2100D91200E2EADD /* libcryptopp.a */; };
		E55BE03B2136CD0300E5F396 /* CacheLib.h in Headers */ = {isa = PBXBuildFile; fileRef = E55BE0392136CD0100E5F396 /* CacheLib.h */; };
		E55BE03C2136CD0300E5F396 /* CacheLib.cpp in Sources */ = {isa = PBXBuildFile; fileRef = E55BE03A2136CD0100E5F396 /* CacheLib.cpp */; };
		E565901F211864470039865C /* Array.cpp in Sources */ = {isa = PBXBuildFile; fileRef = E5658FF9211864470039865C /* Array.cpp */; };
		E5659020211864470039865C /* Array.h in Headers */ = {isa = PBXBuildFile; fileRef = E5658FFA211864470039865C /* Array.h */; };
		E565902D211864470039865C /* defines.h in Headers */ = {isa = PBXBuildFile; fileRef = E5659008211864470039865C /* defines.h */; };
		E565902E211864470039865C /* funccallinfo.cpp in Sources */ = {isa = PBXBuildFile; fileRef = E5659009211864470039865C /* funccallinfo.cpp */; };
		E565902F211864470039865C /* funccallinfo.h in Headers */ = {isa = PBXBuildFile; fileRef = E565900A211864470039865C /* funccallinfo.h */; };
		E5659030211864470039865C /* IniSettings.cpp in Sources */ = {isa = PBXBuildFile; fileRef = E565900B211864470039865C /* IniSettings.cpp */; };
		E5659031211864470039865C /* IniSettings.h in Headers */ = {isa = PBXBuildFile; fileRef = E565900C211864470039865C /* IniSettings.h */; };
		E5659032211864470039865C /* log.cpp in Sources */ = {isa = PBXBuildFile; fileRef = E565900D211864470039865C /* log.cpp */; };
		E5659033211864470039865C /* log.h in Headers */ = {isa = PBXBuildFile; fileRef = E565900E211864470039865C /* log.h */; };
		E5659034211864470039865C /* ModuleInfo.cpp in Sources */ = {isa = PBXBuildFile; fileRef = E565900F211864470039865C /* ModuleInfo.cpp */; };
		E5659035211864470039865C /* ModuleInfo.h in Headers */ = {isa = PBXBuildFile; fileRef = E5659010211864470039865C /* ModuleInfo.h */; };
		E5659036211864470039865C /* SyncroEvent.cpp in Sources */ = {isa = PBXBuildFile; fileRef = E5659011211864470039865C /* SyncroEvent.cpp */; };
		E5659037211864470039865C /* SyncroEvent.h in Headers */ = {isa = PBXBuildFile; fileRef = E5659012211864470039865C /* SyncroEvent.h */; };
		E5659038211864470039865C /* SyncroMutex.cpp in Sources */ = {isa = PBXBuildFile; fileRef = E5659013211864470039865C /* SyncroMutex.cpp */; };
		E5659039211864470039865C /* SyncroMutex.h in Headers */ = {isa = PBXBuildFile; fileRef = E5659014211864470039865C /* SyncroMutex.h */; };
		E565903C211864470039865C /* tinyxml2.cpp in Sources */ = {isa = PBXBuildFile; fileRef = E5659017211864470039865C /* tinyxml2.cpp */; };
		E565903D211864470039865C /* tinyxml2.h in Headers */ = {isa = PBXBuildFile; fileRef = E5659018211864470039865C /* tinyxml2.h */; };
		E565903E211864470039865C /* TLV.cpp in Sources */ = {isa = PBXBuildFile; fileRef = E5659019211864470039865C /* TLV.cpp */; };
		E565903F211864470039865C /* TLV.h in Headers */ = {isa = PBXBuildFile; fileRef = E565901A211864470039865C /* TLV.h */; };
		E5659040211864470039865C /* util.cpp in Sources */ = {isa = PBXBuildFile; fileRef = E565901B211864470039865C /* util.cpp */; };
		E5659041211864470039865C /* util.h in Headers */ = {isa = PBXBuildFile; fileRef = E565901C211864470039865C /* util.h */; };
		E5659042211864470039865C /* UtilException.cpp in Sources */ = {isa = PBXBuildFile; fileRef = E565901D211864470039865C /* UtilException.cpp */; };
		E5659043211864470039865C /* UtilException.h in Headers */ = {isa = PBXBuildFile; fileRef = E565901E211864470039865C /* UtilException.h */; };
		E5659048211875760039865C /* ExtAuthKey.cpp in Sources */ = {isa = PBXBuildFile; fileRef = E5659045211875760039865C /* ExtAuthKey.cpp */; };
		E5659049211875760039865C /* IAS.cpp in Sources */ = {isa = PBXBuildFile; fileRef = E5659046211875760039865C /* IAS.cpp */; };
		E565904A211875760039865C /* IAS.h in Headers */ = {isa = PBXBuildFile; fileRef = E5659047211875760039865C /* IAS.h */; };
		E5659054211875830039865C /* APDU.cpp in Sources */ = {isa = PBXBuildFile; fileRef = E565904C211875830039865C /* APDU.cpp */; };
		E5659055211875830039865C /* APDU.h in Headers */ = {isa = PBXBuildFile; fileRef = E565904D211875830039865C /* APDU.h */; };
		E5659056211875830039865C /* CardLocker.cpp in Sources */ = {isa = PBXBuildFile; fileRef = E565904E211875830039865C /* CardLocker.cpp */; };
		E5659057211875830039865C /* CardLocker.h in Headers */ = {isa = PBXBuildFile; fileRef = E565904F211875830039865C /* CardLocker.h */; };
		E5659058211875830039865C /* PCSC.cpp in Sources */ = {isa = PBXBuildFile; fileRef = E5659050211875830039865C /* PCSC.cpp */; };
		E5659059211875830039865C /* PCSC.h in Headers */ = {isa = PBXBuildFile; fileRef = E5659051211875830039865C /* PCSC.h */; };
		E565905A211875830039865C /* Token.cpp in Sources */ = {isa = PBXBuildFile; fileRef = E5659052211875830039865C /* Token.cpp */; };
		E565905B211875830039865C /* Token.h in Headers */ = {isa = PBXBuildFile; fileRef = E5659053211875830039865C /* Token.h */; };
		E5659071211875950039865C /* AES.cpp in Sources */ = {isa = PBXBuildFile; fileRef = E565905D211875940039865C /* AES.cpp */; };
		E5659072211875950039865C /* AES.h in Headers */ = {isa = PBXBuildFile; fileRef = E565905E211875940039865C /* AES.h */; };
		E5659073211875950039865C /* ASNParser.cpp in Sources */ = {isa = PBXBuildFile; fileRef = E565905F211875940039865C /* ASNParser.cpp */; };
		E5659074211875950039865C /* ASNParser.h in Headers */ = {isa = PBXBuildFile; fileRef = E5659060211875940039865C /* ASNParser.h */; };
		E5659075211875950039865C /* Base64.cpp in Sources */ = {isa = PBXBuildFile; fileRef = E5659061211875940039865C /* Base64.cpp */; };
		E5659076211875950039865C /* Base64.h in Headers */ = {isa = PBXBuildFile; fileRef = E5659062211875940039865C /* Base64.h */; };
		E5659077211875950039865C /* DES3.cpp in Sources */ = {isa = PBXBuildFile; fileRef = E5659063211875940039865C /* DES3.cpp */; };
		E5659078211875950039865C /* DES3.h in Headers */ = {isa = PBXBuildFile; fileRef = E5659064211875940039865C /* DES3.h */; };
		E5659079211875950039865C /* MAC.cpp in Sources */ = {isa = PBXBuildFile; fileRef = E5659065211875940039865C /* MAC.cpp */; };
		E565907A211875950039865C /* MAC.h in Headers */ = {isa = PBXBuildFile; fileRef = E5659066211875940039865C /* MAC.h */; };
		E565907B211875950039865C /* MD5.cpp in Sources */ = {isa = PBXBuildFile; fileRef = E5659067211875940039865C /* MD5.cpp */; };
		E565907C211875950039865C /* MD5.h in Headers */ = {isa = PBXBuildFile; fileRef = E5659068211875940039865C /* MD5.h */; };
		E565907D211875950039865C /* RSA.cpp in Sources */ = {isa = PBXBuildFile; fileRef = E5659069211875940039865C /* RSA.cpp */; };
		E565907E211875950039865C /* RSA.h in Headers */ = {isa = PBXBuildFile; fileRef = E565906A211875940039865C /* RSA.h */; };
		E565907F211875950039865C /* SHA1.cpp in Sources */ = {isa = PBXBuildFile; fileRef = E565906B211875940039865C /* SHA1.cpp */; };
		E5659080211875950039865C /* SHA1.h in Headers */ = {isa = PBXBuildFile; fileRef = E565906C211875940039865C /* SHA1.h */; };
		E5659081211875950039865C /* SHA256.cpp in Sources */ = {isa = PBXBuildFile; fileRef = E565906D211875940039865C /* SHA256.cpp */; };
		E5659082211875950039865C /* sha256.h in Headers */ = {isa = PBXBuildFile; fileRef = E565906E211875940039865C /* sha256.h */; };
		E5659083211875950039865C /* SHA512.cpp in Sources */ = {isa = PBXBuildFile; fileRef = E565906F211875940039865C /* SHA512.cpp */; };
		E5659084211875950039865C /* sha512.h in Headers */ = {isa = PBXBuildFile; fileRef = E5659070211875940039865C /* sha512.h */; };
		E5707B3521383CCA0054CF16 /* main.cpp in Sources */ = {isa = PBXBuildFile; fileRef = E5707B3421383CCA0054CF16 /* main.cpp */; };
		E5707B3B21383D1B0054CF16 /* UUCByteArray.cpp in Sources */ = {isa = PBXBuildFile; fileRef = E5707B3A21383D1B0054CF16 /* UUCByteArray.cpp */; };
		E59B65C2213C06B8007348D5 /* AppDelegate.m in Sources */ = {isa = PBXBuildFile; fileRef = E59B65C1213C06B8007348D5 /* AppDelegate.m */; };
		E59B65C5213C06B8007348D5 /* ViewController.mm in Sources */ = {isa = PBXBuildFile; fileRef = E59B65C4213C06B8007348D5 /* ViewController.mm */; };
		E59B65C7213C06B9007348D5 /* Assets.xcassets in Resources */ = {isa = PBXBuildFile; fileRef = E59B65C6213C06B9007348D5 /* Assets.xcassets */; };
		E59B65CA213C06B9007348D5 /* Main.storyboard in Resources */ = {isa = PBXBuildFile; fileRef = E59B65C8213C06B9007348D5 /* Main.storyboard */; };
		E59B65CD213C06B9007348D5 /* main.m in Sources */ = {isa = PBXBuildFile; fileRef = E59B65CC213C06B9007348D5 /* main.m */; };
		E59B65D2213DD84B007348D5 /* libcie-pkcs11.dylib in Frameworks */ = {isa = PBXBuildFile; fileRef = E5BE7D8820FE84D200004389 /* libcie-pkcs11.dylib */; };
		E5BE7DA920FE853800004389 /* CardContext.cpp in Sources */ = {isa = PBXBuildFile; fileRef = E5BE7D9720FE853800004389 /* CardContext.cpp */; };
		E5BE7DAA20FE853800004389 /* CardContext.h in Headers */ = {isa = PBXBuildFile; fileRef = E5BE7D9820FE853800004389 /* CardContext.h */; };
		E5BE7DAB20FE853800004389 /* CardTemplate.cpp in Sources */ = {isa = PBXBuildFile; fileRef = E5BE7D9920FE853800004389 /* CardTemplate.cpp */; };
		E5BE7DAC20FE853800004389 /* CardTemplate.h in Headers */ = {isa = PBXBuildFile; fileRef = E5BE7D9A20FE853800004389 /* CardTemplate.h */; };
		E5BE7DAD20FE853800004389 /* CIEP11Template.cpp in Sources */ = {isa = PBXBuildFile; fileRef = E5BE7D9B20FE853800004389 /* CIEP11Template.cpp */; };
		E5BE7DAE20FE853800004389 /* CIEP11Template.h in Headers */ = {isa = PBXBuildFile; fileRef = E5BE7D9C20FE853800004389 /* CIEP11Template.h */; };
		E5BE7DAF20FE853800004389 /* initP11.cpp in Sources */ = {isa = PBXBuildFile; fileRef = E5BE7D9D20FE853800004389 /* initP11.cpp */; };
		E5BE7DB020FE853800004389 /* InitP11.h in Headers */ = {isa = PBXBuildFile; fileRef = E5BE7D9E20FE853800004389 /* InitP11.h */; };
		E5BE7DB120FE853800004389 /* Mechanism.cpp in Sources */ = {isa = PBXBuildFile; fileRef = E5BE7D9F20FE853800004389 /* Mechanism.cpp */; };
		E5BE7DB220FE853800004389 /* Mechanism.h in Headers */ = {isa = PBXBuildFile; fileRef = E5BE7DA020FE853800004389 /* Mechanism.h */; };
		E5BE7DB320FE853800004389 /* P11Object.cpp in Sources */ = {isa = PBXBuildFile; fileRef = E5BE7DA120FE853800004389 /* P11Object.cpp */; };
		E5BE7DB420FE853800004389 /* P11Object.h in Headers */ = {isa = PBXBuildFile; fileRef = E5BE7DA220FE853800004389 /* P11Object.h */; };
		E5BE7DB520FE853800004389 /* PKCS11Functions.cpp in Sources */ = {isa = PBXBuildFile; fileRef = E5BE7DA320FE853800004389 /* PKCS11Functions.cpp */; };
		E5BE7DB620FE853800004389 /* PKCS11Functions.h in Headers */ = {isa = PBXBuildFile; fileRef = E5BE7DA420FE853800004389 /* PKCS11Functions.h */; };
		E5BE7DB720FE853800004389 /* session.cpp in Sources */ = {isa = PBXBuildFile; fileRef = E5BE7DA520FE853800004389 /* session.cpp */; };
		E5BE7DB820FE853800004389 /* session.h in Headers */ = {isa = PBXBuildFile; fileRef = E5BE7DA620FE853800004389 /* session.h */; };
		E5BE7DB920FE853800004389 /* Slot.cpp in Sources */ = {isa = PBXBuildFile; fileRef = E5BE7DA720FE853800004389 /* Slot.cpp */; };
		E5BE7DBA20FE853800004389 /* Slot.h in Headers */ = {isa = PBXBuildFile; fileRef = E5BE7DA820FE853800004389 /* Slot.h */; };
		E5BE7DBE20FE858600004389 /* pkcs11f.h in Headers */ = {isa = PBXBuildFile; fileRef = E5BE7DBB20FE858500004389 /* pkcs11f.h */; };
		E5BE7DBF20FE858600004389 /* pkcs11t.h in Headers */ = {isa = PBXBuildFile; fileRef = E5BE7DBC20FE858500004389 /* pkcs11t.h */; };
		E5BE7DC020FE858600004389 /* pkcs11.h in Headers */ = {isa = PBXBuildFile; fileRef = E5BE7DBD20FE858500004389 /* pkcs11.h */; };
		E5BE7DC320FE86DC00004389 /* win32.h in Headers */ = {isa = PBXBuildFile; fileRef = E5BE7DC220FE86DC00004389 /* win32.h */; };
		E5BE7DC520FE883300004389 /* wintypes.h in Headers */ = {isa = PBXBuildFile; fileRef = E5BE7DC420FE883300004389 /* wintypes.h */; };
		E5BE7DC820FE8A9A00004389 /* PCSC.framework in Frameworks */ = {isa = PBXBuildFile; fileRef = E5BE7DC720FE8A9A00004389 /* PCSC.framework */; };
/* End PBXBuildFile section */

/* Begin PBXCopyFilesBuildPhase section */
		E5707B3021383CCA0054CF16 /* CopyFiles */ = {
			isa = PBXCopyFilesBuildPhase;
			buildActionMask = 2147483647;
			dstPath = /usr/share/man/man1/;
			dstSubfolderSpec = 0;
			files = (
			);
			runOnlyForDeploymentPostprocessing = 1;
		};
/* End PBXCopyFilesBuildPhase section */

/* Begin PBXFileReference section */
		228A3612AA9E73AB30473645 /* libPods-cie-pkcs11.a */ = {isa = PBXFileReference; explicitFileType = archive.ar; includeInIndex = 0; path = "libPods-cie-pkcs11.a"; sourceTree = BUILT_PRODUCTS_DIR; };
		438D493AABE95B9738D331F7 /* Pods-cie-pkcs11.release.xcconfig */ = {isa = PBXFileReference; includeInIndex = 1; lastKnownFileType = text.xcconfig; name = "Pods-cie-pkcs11.release.xcconfig"; path = "Pods/Target Support Files/Pods-cie-pkcs11/Pods-cie-pkcs11.release.xcconfig"; sourceTree = "<group>"; };
		79847492CAD3310437BDE674 /* Pods-cie-pkcs11.debug.xcconfig */ = {isa = PBXFileReference; includeInIndex = 1; lastKnownFileType = text.xcconfig; name = "Pods-cie-pkcs11.debug.xcconfig"; path = "Pods/Target Support Files/Pods-cie-pkcs11/Pods-cie-pkcs11.debug.xcconfig"; sourceTree = "<group>"; };
		E50A8A07213BE018006A000D /* AbilitaCIE.h */ = {isa = PBXFileReference; fileEncoding = 4; lastKnownFileType = sourcecode.c.h; path = AbilitaCIE.h; sourceTree = "<group>"; };
		E50A8A09213BE053006A000D /* AbilitaCIE.mm */ = {isa = PBXFileReference; lastKnownFileType = sourcecode.cpp.objcpp; path = AbilitaCIE.mm; sourceTree = "<group>"; };
		E50A8A0B213BE121006A000D /* Cocoa.framework */ = {isa = PBXFileReference; lastKnownFileType = wrapper.framework; name = Cocoa.framework; path = System/Library/Frameworks/Cocoa.framework; sourceTree = SDKROOT; };
		E50A8A0C213BE121006A000D /* AppKit.framework */ = {isa = PBXFileReference; lastKnownFileType = wrapper.framework; name = AppKit.framework; path = System/Library/Frameworks/AppKit.framework; sourceTree = SDKROOT; };
		E50A8A0F213BE4C6006A000D /* AbilitaCIE.cpp */ = {isa = PBXFileReference; fileEncoding = 4; lastKnownFileType = sourcecode.cpp.cpp; path = AbilitaCIE.cpp; sourceTree = "<group>"; };
		E543F954215F6B1C0088CBC5 /* CryptoppUtils.cpp */ = {isa = PBXFileReference; fileEncoding = 4; lastKnownFileType = sourcecode.cpp.cpp; path = CryptoppUtils.cpp; sourceTree = "<group>"; };
		E543F956215F6B250088CBC5 /* CryptoppUtils.h */ = {isa = PBXFileReference; fileEncoding = 4; lastKnownFileType = sourcecode.c.h; path = CryptoppUtils.h; sourceTree = "<group>"; };
		E54EF42F2100D91200E2EADD /* libcryptopp.a */ = {isa = PBXFileReference; lastKnownFileType = archive.ar; path = libcryptopp.a; sourceTree = "<group>"; };
		E54EF4312100D99500E2EADD /* Cryptopp */ = {isa = PBXFileReference; lastKnownFileType = folder; path = Cryptopp; sourceTree = "<group>"; };
		E55BE0392136CD0100E5F396 /* CacheLib.h */ = {isa = PBXFileReference; fileEncoding = 4; lastKnownFileType = sourcecode.c.h; path = CacheLib.h; sourceTree = "<group>"; };
		E55BE03A2136CD0100E5F396 /* CacheLib.cpp */ = {isa = PBXFileReference; fileEncoding = 4; lastKnownFileType = sourcecode.cpp.cpp; path = CacheLib.cpp; sourceTree = "<group>"; };
		E5658FF9211864470039865C /* Array.cpp */ = {isa = PBXFileReference; fileEncoding = 4; lastKnownFileType = sourcecode.cpp.cpp; path = Array.cpp; sourceTree = "<group>"; };
		E5658FFA211864470039865C /* Array.h */ = {isa = PBXFileReference; fileEncoding = 4; lastKnownFileType = sourcecode.c.h; path = Array.h; sourceTree = "<group>"; };
		E5659008211864470039865C /* defines.h */ = {isa = PBXFileReference; fileEncoding = 4; lastKnownFileType = sourcecode.c.h; path = defines.h; sourceTree = "<group>"; };
		E5659009211864470039865C /* funccallinfo.cpp */ = {isa = PBXFileReference; fileEncoding = 4; lastKnownFileType = sourcecode.cpp.cpp; path = funccallinfo.cpp; sourceTree = "<group>"; };
		E565900A211864470039865C /* funccallinfo.h */ = {isa = PBXFileReference; fileEncoding = 4; lastKnownFileType = sourcecode.c.h; path = funccallinfo.h; sourceTree = "<group>"; };
		E565900B211864470039865C /* IniSettings.cpp */ = {isa = PBXFileReference; fileEncoding = 4; lastKnownFileType = sourcecode.cpp.cpp; path = IniSettings.cpp; sourceTree = "<group>"; };
		E565900C211864470039865C /* IniSettings.h */ = {isa = PBXFileReference; fileEncoding = 4; lastKnownFileType = sourcecode.c.h; path = IniSettings.h; sourceTree = "<group>"; };
		E565900D211864470039865C /* log.cpp */ = {isa = PBXFileReference; fileEncoding = 4; lastKnownFileType = sourcecode.cpp.cpp; path = log.cpp; sourceTree = "<group>"; };
		E565900E211864470039865C /* log.h */ = {isa = PBXFileReference; fileEncoding = 4; lastKnownFileType = sourcecode.c.h; path = log.h; sourceTree = "<group>"; };
		E565900F211864470039865C /* ModuleInfo.cpp */ = {isa = PBXFileReference; fileEncoding = 4; lastKnownFileType = sourcecode.cpp.cpp; path = ModuleInfo.cpp; sourceTree = "<group>"; };
		E5659010211864470039865C /* ModuleInfo.h */ = {isa = PBXFileReference; fileEncoding = 4; lastKnownFileType = sourcecode.c.h; path = ModuleInfo.h; sourceTree = "<group>"; };
		E5659011211864470039865C /* SyncroEvent.cpp */ = {isa = PBXFileReference; fileEncoding = 4; lastKnownFileType = sourcecode.cpp.cpp; path = SyncroEvent.cpp; sourceTree = "<group>"; };
		E5659012211864470039865C /* SyncroEvent.h */ = {isa = PBXFileReference; fileEncoding = 4; lastKnownFileType = sourcecode.c.h; path = SyncroEvent.h; sourceTree = "<group>"; };
		E5659013211864470039865C /* SyncroMutex.cpp */ = {isa = PBXFileReference; fileEncoding = 4; lastKnownFileType = sourcecode.cpp.cpp; path = SyncroMutex.cpp; sourceTree = "<group>"; };
		E5659014211864470039865C /* SyncroMutex.h */ = {isa = PBXFileReference; fileEncoding = 4; lastKnownFileType = sourcecode.c.h; path = SyncroMutex.h; sourceTree = "<group>"; };
		E5659017211864470039865C /* tinyxml2.cpp */ = {isa = PBXFileReference; fileEncoding = 4; lastKnownFileType = sourcecode.cpp.cpp; path = tinyxml2.cpp; sourceTree = "<group>"; };
		E5659018211864470039865C /* tinyxml2.h */ = {isa = PBXFileReference; fileEncoding = 4; lastKnownFileType = sourcecode.c.h; path = tinyxml2.h; sourceTree = "<group>"; };
		E5659019211864470039865C /* TLV.cpp */ = {isa = PBXFileReference; fileEncoding = 4; lastKnownFileType = sourcecode.cpp.cpp; path = TLV.cpp; sourceTree = "<group>"; };
		E565901A211864470039865C /* TLV.h */ = {isa = PBXFileReference; fileEncoding = 4; lastKnownFileType = sourcecode.c.h; path = TLV.h; sourceTree = "<group>"; };
		E565901B211864470039865C /* util.cpp */ = {isa = PBXFileReference; fileEncoding = 4; lastKnownFileType = sourcecode.cpp.cpp; path = util.cpp; sourceTree = "<group>"; };
		E565901C211864470039865C /* util.h */ = {isa = PBXFileReference; fileEncoding = 4; lastKnownFileType = sourcecode.c.h; path = util.h; sourceTree = "<group>"; };
		E565901D211864470039865C /* UtilException.cpp */ = {isa = PBXFileReference; fileEncoding = 4; lastKnownFileType = sourcecode.cpp.cpp; path = UtilException.cpp; sourceTree = "<group>"; };
		E565901E211864470039865C /* UtilException.h */ = {isa = PBXFileReference; fileEncoding = 4; lastKnownFileType = sourcecode.c.h; path = UtilException.h; sourceTree = "<group>"; };
		E5659045211875760039865C /* ExtAuthKey.cpp */ = {isa = PBXFileReference; fileEncoding = 4; lastKnownFileType = sourcecode.cpp.cpp; path = ExtAuthKey.cpp; sourceTree = "<group>"; };
		E5659046211875760039865C /* IAS.cpp */ = {isa = PBXFileReference; fileEncoding = 4; lastKnownFileType = sourcecode.cpp.cpp; path = IAS.cpp; sourceTree = "<group>"; };
		E5659047211875760039865C /* IAS.h */ = {isa = PBXFileReference; fileEncoding = 4; lastKnownFileType = sourcecode.c.h; path = IAS.h; sourceTree = "<group>"; };
		E565904C211875830039865C /* APDU.cpp */ = {isa = PBXFileReference; fileEncoding = 4; lastKnownFileType = sourcecode.cpp.cpp; path = APDU.cpp; sourceTree = "<group>"; };
		E565904D211875830039865C /* APDU.h */ = {isa = PBXFileReference; fileEncoding = 4; lastKnownFileType = sourcecode.c.h; path = APDU.h; sourceTree = "<group>"; };
		E565904E211875830039865C /* CardLocker.cpp */ = {isa = PBXFileReference; fileEncoding = 4; lastKnownFileType = sourcecode.cpp.cpp; path = CardLocker.cpp; sourceTree = "<group>"; };
		E565904F211875830039865C /* CardLocker.h */ = {isa = PBXFileReference; fileEncoding = 4; lastKnownFileType = sourcecode.c.h; path = CardLocker.h; sourceTree = "<group>"; };
		E5659050211875830039865C /* PCSC.cpp */ = {isa = PBXFileReference; fileEncoding = 4; lastKnownFileType = sourcecode.cpp.cpp; path = PCSC.cpp; sourceTree = "<group>"; };
		E5659051211875830039865C /* PCSC.h */ = {isa = PBXFileReference; fileEncoding = 4; lastKnownFileType = sourcecode.c.h; path = PCSC.h; sourceTree = "<group>"; };
		E5659052211875830039865C /* Token.cpp */ = {isa = PBXFileReference; fileEncoding = 4; lastKnownFileType = sourcecode.cpp.cpp; path = Token.cpp; sourceTree = "<group>"; };
		E5659053211875830039865C /* Token.h */ = {isa = PBXFileReference; fileEncoding = 4; lastKnownFileType = sourcecode.c.h; path = Token.h; sourceTree = "<group>"; };
		E565905D211875940039865C /* AES.cpp */ = {isa = PBXFileReference; fileEncoding = 4; lastKnownFileType = sourcecode.cpp.cpp; path = AES.cpp; sourceTree = "<group>"; };
		E565905E211875940039865C /* AES.h */ = {isa = PBXFileReference; fileEncoding = 4; lastKnownFileType = sourcecode.c.h; path = AES.h; sourceTree = "<group>"; };
		E565905F211875940039865C /* ASNParser.cpp */ = {isa = PBXFileReference; fileEncoding = 4; lastKnownFileType = sourcecode.cpp.cpp; path = ASNParser.cpp; sourceTree = "<group>"; };
		E5659060211875940039865C /* ASNParser.h */ = {isa = PBXFileReference; fileEncoding = 4; lastKnownFileType = sourcecode.c.h; path = ASNParser.h; sourceTree = "<group>"; };
		E5659061211875940039865C /* Base64.cpp */ = {isa = PBXFileReference; fileEncoding = 4; lastKnownFileType = sourcecode.cpp.cpp; path = Base64.cpp; sourceTree = "<group>"; };
		E5659062211875940039865C /* Base64.h */ = {isa = PBXFileReference; fileEncoding = 4; lastKnownFileType = sourcecode.c.h; path = Base64.h; sourceTree = "<group>"; };
		E5659063211875940039865C /* DES3.cpp */ = {isa = PBXFileReference; fileEncoding = 4; lastKnownFileType = sourcecode.cpp.cpp; path = DES3.cpp; sourceTree = "<group>"; };
		E5659064211875940039865C /* DES3.h */ = {isa = PBXFileReference; fileEncoding = 4; lastKnownFileType = sourcecode.c.h; path = DES3.h; sourceTree = "<group>"; };
		E5659065211875940039865C /* MAC.cpp */ = {isa = PBXFileReference; fileEncoding = 4; lastKnownFileType = sourcecode.cpp.cpp; path = MAC.cpp; sourceTree = "<group>"; };
		E5659066211875940039865C /* MAC.h */ = {isa = PBXFileReference; fileEncoding = 4; lastKnownFileType = sourcecode.c.h; path = MAC.h; sourceTree = "<group>"; };
		E5659067211875940039865C /* MD5.cpp */ = {isa = PBXFileReference; fileEncoding = 4; lastKnownFileType = sourcecode.cpp.cpp; path = MD5.cpp; sourceTree = "<group>"; };
		E5659068211875940039865C /* MD5.h */ = {isa = PBXFileReference; fileEncoding = 4; lastKnownFileType = sourcecode.c.h; path = MD5.h; sourceTree = "<group>"; };
		E5659069211875940039865C /* RSA.cpp */ = {isa = PBXFileReference; fileEncoding = 4; lastKnownFileType = sourcecode.cpp.cpp; path = RSA.cpp; sourceTree = "<group>"; };
		E565906A211875940039865C /* RSA.h */ = {isa = PBXFileReference; fileEncoding = 4; lastKnownFileType = sourcecode.c.h; path = RSA.h; sourceTree = "<group>"; };
		E565906B211875940039865C /* SHA1.cpp */ = {isa = PBXFileReference; fileEncoding = 4; lastKnownFileType = sourcecode.cpp.cpp; path = SHA1.cpp; sourceTree = "<group>"; };
		E565906C211875940039865C /* SHA1.h */ = {isa = PBXFileReference; fileEncoding = 4; lastKnownFileType = sourcecode.c.h; path = SHA1.h; sourceTree = "<group>"; };
		E565906D211875940039865C /* SHA256.cpp */ = {isa = PBXFileReference; fileEncoding = 4; lastKnownFileType = sourcecode.cpp.cpp; path = SHA256.cpp; sourceTree = "<group>"; };
		E565906E211875940039865C /* sha256.h */ = {isa = PBXFileReference; fileEncoding = 4; lastKnownFileType = sourcecode.c.h; path = sha256.h; sourceTree = "<group>"; };
		E565906F211875940039865C /* SHA512.cpp */ = {isa = PBXFileReference; fileEncoding = 4; lastKnownFileType = sourcecode.cpp.cpp; path = SHA512.cpp; sourceTree = "<group>"; };
		E5659070211875940039865C /* sha512.h */ = {isa = PBXFileReference; fileEncoding = 4; lastKnownFileType = sourcecode.c.h; path = sha512.h; sourceTree = "<group>"; };
		E5707B3221383CCA0054CF16 /* TestCIE */ = {isa = PBXFileReference; explicitFileType = "compiled.mach-o.executable"; includeInIndex = 0; path = TestCIE; sourceTree = BUILT_PRODUCTS_DIR; };
		E5707B3421383CCA0054CF16 /* main.cpp */ = {isa = PBXFileReference; lastKnownFileType = sourcecode.cpp.cpp; path = main.cpp; sourceTree = "<group>"; };
		E5707B3921383D1B0054CF16 /* UUCByteArray.h */ = {isa = PBXFileReference; fileEncoding = 4; lastKnownFileType = sourcecode.c.h; path = UUCByteArray.h; sourceTree = "<group>"; };
		E5707B3A21383D1B0054CF16 /* UUCByteArray.cpp */ = {isa = PBXFileReference; fileEncoding = 4; lastKnownFileType = sourcecode.cpp.cpp; path = UUCByteArray.cpp; sourceTree = "<group>"; };
		E59B65BE213C06B8007348D5 /* AbilitaCIE.app */ = {isa = PBXFileReference; explicitFileType = wrapper.application; includeInIndex = 0; path = AbilitaCIE.app; sourceTree = BUILT_PRODUCTS_DIR; };
		E59B65C0213C06B8007348D5 /* AppDelegate.h */ = {isa = PBXFileReference; lastKnownFileType = sourcecode.c.h; path = AppDelegate.h; sourceTree = "<group>"; };
		E59B65C1213C06B8007348D5 /* AppDelegate.m */ = {isa = PBXFileReference; lastKnownFileType = sourcecode.c.objc; path = AppDelegate.m; sourceTree = "<group>"; };
		E59B65C3213C06B8007348D5 /* ViewController.h */ = {isa = PBXFileReference; lastKnownFileType = sourcecode.c.h; path = ViewController.h; sourceTree = "<group>"; };
		E59B65C4213C06B8007348D5 /* ViewController.mm */ = {isa = PBXFileReference; lastKnownFileType = sourcecode.cpp.objcpp; path = ViewController.mm; sourceTree = "<group>"; };
		E59B65C6213C06B9007348D5 /* Assets.xcassets */ = {isa = PBXFileReference; lastKnownFileType = folder.assetcatalog; path = Assets.xcassets; sourceTree = "<group>"; };
		E59B65C9213C06B9007348D5 /* Base */ = {isa = PBXFileReference; lastKnownFileType = file.storyboard; name = Base; path = Base.lproj/Main.storyboard; sourceTree = "<group>"; };
		E59B65CB213C06B9007348D5 /* Info.plist */ = {isa = PBXFileReference; lastKnownFileType = text.plist.xml; path = Info.plist; sourceTree = "<group>"; };
		E59B65CC213C06B9007348D5 /* main.m */ = {isa = PBXFileReference; lastKnownFileType = sourcecode.c.objc; path = main.m; sourceTree = "<group>"; };
		E59B65CE213C06B9007348D5 /* AbilitaCIE.entitlements */ = {isa = PBXFileReference; lastKnownFileType = text.plist.entitlements; path = AbilitaCIE.entitlements; sourceTree = "<group>"; };
		E5BE7D8820FE84D200004389 /* libcie-pkcs11.dylib */ = {isa = PBXFileReference; explicitFileType = "compiled.mach-o.dylib"; includeInIndex = 0; path = "libcie-pkcs11.dylib"; sourceTree = BUILT_PRODUCTS_DIR; };
		E5BE7D9720FE853800004389 /* CardContext.cpp */ = {isa = PBXFileReference; fileEncoding = 4; lastKnownFileType = sourcecode.cpp.cpp; path = CardContext.cpp; sourceTree = "<group>"; };
		E5BE7D9820FE853800004389 /* CardContext.h */ = {isa = PBXFileReference; fileEncoding = 4; lastKnownFileType = sourcecode.c.h; path = CardContext.h; sourceTree = "<group>"; };
		E5BE7D9920FE853800004389 /* CardTemplate.cpp */ = {isa = PBXFileReference; fileEncoding = 4; lastKnownFileType = sourcecode.cpp.cpp; path = CardTemplate.cpp; sourceTree = "<group>"; };
		E5BE7D9A20FE853800004389 /* CardTemplate.h */ = {isa = PBXFileReference; fileEncoding = 4; lastKnownFileType = sourcecode.c.h; path = CardTemplate.h; sourceTree = "<group>"; };
		E5BE7D9B20FE853800004389 /* CIEP11Template.cpp */ = {isa = PBXFileReference; fileEncoding = 4; lastKnownFileType = sourcecode.cpp.cpp; path = CIEP11Template.cpp; sourceTree = "<group>"; };
		E5BE7D9C20FE853800004389 /* CIEP11Template.h */ = {isa = PBXFileReference; fileEncoding = 4; lastKnownFileType = sourcecode.c.h; path = CIEP11Template.h; sourceTree = "<group>"; };
		E5BE7D9D20FE853800004389 /* initP11.cpp */ = {isa = PBXFileReference; fileEncoding = 4; lastKnownFileType = sourcecode.cpp.cpp; path = initP11.cpp; sourceTree = "<group>"; };
		E5BE7D9E20FE853800004389 /* InitP11.h */ = {isa = PBXFileReference; fileEncoding = 4; lastKnownFileType = sourcecode.c.h; path = InitP11.h; sourceTree = "<group>"; };
		E5BE7D9F20FE853800004389 /* Mechanism.cpp */ = {isa = PBXFileReference; fileEncoding = 4; lastKnownFileType = sourcecode.cpp.cpp; path = Mechanism.cpp; sourceTree = "<group>"; };
		E5BE7DA020FE853800004389 /* Mechanism.h */ = {isa = PBXFileReference; fileEncoding = 4; lastKnownFileType = sourcecode.c.h; path = Mechanism.h; sourceTree = "<group>"; };
		E5BE7DA120FE853800004389 /* P11Object.cpp */ = {isa = PBXFileReference; fileEncoding = 4; lastKnownFileType = sourcecode.cpp.cpp; path = P11Object.cpp; sourceTree = "<group>"; };
		E5BE7DA220FE853800004389 /* P11Object.h */ = {isa = PBXFileReference; fileEncoding = 4; lastKnownFileType = sourcecode.c.h; path = P11Object.h; sourceTree = "<group>"; };
		E5BE7DA320FE853800004389 /* PKCS11Functions.cpp */ = {isa = PBXFileReference; fileEncoding = 4; lastKnownFileType = sourcecode.cpp.cpp; path = PKCS11Functions.cpp; sourceTree = "<group>"; };
		E5BE7DA420FE853800004389 /* PKCS11Functions.h */ = {isa = PBXFileReference; fileEncoding = 4; lastKnownFileType = sourcecode.c.h; path = PKCS11Functions.h; sourceTree = "<group>"; };
		E5BE7DA520FE853800004389 /* session.cpp */ = {isa = PBXFileReference; fileEncoding = 4; lastKnownFileType = sourcecode.cpp.cpp; path = session.cpp; sourceTree = "<group>"; };
		E5BE7DA620FE853800004389 /* session.h */ = {isa = PBXFileReference; fileEncoding = 4; lastKnownFileType = sourcecode.c.h; path = session.h; sourceTree = "<group>"; };
		E5BE7DA720FE853800004389 /* Slot.cpp */ = {isa = PBXFileReference; fileEncoding = 4; lastKnownFileType = sourcecode.cpp.cpp; path = Slot.cpp; sourceTree = "<group>"; };
		E5BE7DA820FE853800004389 /* Slot.h */ = {isa = PBXFileReference; fileEncoding = 4; lastKnownFileType = sourcecode.c.h; path = Slot.h; sourceTree = "<group>"; };
		E5BE7DBB20FE858500004389 /* pkcs11f.h */ = {isa = PBXFileReference; fileEncoding = 4; lastKnownFileType = sourcecode.c.h; path = pkcs11f.h; sourceTree = "<group>"; };
		E5BE7DBC20FE858500004389 /* pkcs11t.h */ = {isa = PBXFileReference; fileEncoding = 4; lastKnownFileType = sourcecode.c.h; path = pkcs11t.h; sourceTree = "<group>"; };
		E5BE7DBD20FE858500004389 /* pkcs11.h */ = {isa = PBXFileReference; fileEncoding = 4; lastKnownFileType = sourcecode.c.h; path = pkcs11.h; sourceTree = "<group>"; };
		E5BE7DC220FE86DC00004389 /* win32.h */ = {isa = PBXFileReference; fileEncoding = 4; lastKnownFileType = sourcecode.c.h; path = win32.h; sourceTree = "<group>"; };
		E5BE7DC420FE883300004389 /* wintypes.h */ = {isa = PBXFileReference; fileEncoding = 4; lastKnownFileType = sourcecode.c.h; path = wintypes.h; sourceTree = "<group>"; };
		E5BE7DC720FE8A9A00004389 /* PCSC.framework */ = {isa = PBXFileReference; lastKnownFileType = wrapper.framework; name = PCSC.framework; path = System/Library/Frameworks/PCSC.framework; sourceTree = SDKROOT; };
/* End PBXFileReference section */

/* Begin PBXFrameworksBuildPhase section */
		E5707B2F21383CCA0054CF16 /* Frameworks */ = {
			isa = PBXFrameworksBuildPhase;
			buildActionMask = 2147483647;
			files = (
			);
			runOnlyForDeploymentPostprocessing = 0;
		};
		E59B65BB213C06B8007348D5 /* Frameworks */ = {
			isa = PBXFrameworksBuildPhase;
			buildActionMask = 2147483647;
			files = (
				E59B65D2213DD84B007348D5 /* libcie-pkcs11.dylib in Frameworks */,
			);
			runOnlyForDeploymentPostprocessing = 0;
		};
		E5BE7D8520FE84D200004389 /* Frameworks */ = {
			isa = PBXFrameworksBuildPhase;
			buildActionMask = 2147483647;
			files = (
				E50A8A0D213BE121006A000D /* Cocoa.framework in Frameworks */,
				E50A8A0E213BE121006A000D /* AppKit.framework in Frameworks */,
				E54EF4302100D91200E2EADD /* libcryptopp.a in Frameworks */,
				E5BE7DC820FE8A9A00004389 /* PCSC.framework in Frameworks */,
				5CA6E27FF73910B2FFB64484 /* libPods-cie-pkcs11.a in Frameworks */,
			);
			runOnlyForDeploymentPostprocessing = 0;
		};
/* End PBXFrameworksBuildPhase section */

/* Begin PBXGroup section */
		B7FB7DAC107919BD2BEDD28E /* Pods */ = {
			isa = PBXGroup;
			children = (
				79847492CAD3310437BDE674 /* Pods-cie-pkcs11.debug.xcconfig */,
				438D493AABE95B9738D331F7 /* Pods-cie-pkcs11.release.xcconfig */,
			);
			name = Pods;
			sourceTree = "<group>";
		};
		E50A89E2213BD72A006A000D /* UI */ = {
			isa = PBXGroup;
			children = (
				E50A8A09213BE053006A000D /* AbilitaCIE.mm */,
			);
			path = UI;
			sourceTree = "<group>";
		};
		E5658FF8211864470039865C /* Util */ = {
			isa = PBXGroup;
			children = (
				E543F954215F6B1C0088CBC5 /* CryptoppUtils.cpp */,
				E543F956215F6B250088CBC5 /* CryptoppUtils.h */,
				E55BE03A2136CD0100E5F396 /* CacheLib.cpp */,
				E55BE0392136CD0100E5F396 /* CacheLib.h */,
				E5658FF9211864470039865C /* Array.cpp */,
				E5658FFA211864470039865C /* Array.h */,
				E5659008211864470039865C /* defines.h */,
				E5659009211864470039865C /* funccallinfo.cpp */,
				E565900A211864470039865C /* funccallinfo.h */,
				E565900B211864470039865C /* IniSettings.cpp */,
				E565900C211864470039865C /* IniSettings.h */,
				E565900D211864470039865C /* log.cpp */,
				E565900E211864470039865C /* log.h */,
				E565900F211864470039865C /* ModuleInfo.cpp */,
				E5659010211864470039865C /* ModuleInfo.h */,
				E5659011211864470039865C /* SyncroEvent.cpp */,
				E5659012211864470039865C /* SyncroEvent.h */,
				E5659013211864470039865C /* SyncroMutex.cpp */,
				E5659014211864470039865C /* SyncroMutex.h */,
				E5659017211864470039865C /* tinyxml2.cpp */,
				E5659018211864470039865C /* tinyxml2.h */,
				E5659019211864470039865C /* TLV.cpp */,
				E565901A211864470039865C /* TLV.h */,
				E565901B211864470039865C /* util.cpp */,
				E565901C211864470039865C /* util.h */,
				E565901D211864470039865C /* UtilException.cpp */,
				E565901E211864470039865C /* UtilException.h */,
			);
			path = Util;
			sourceTree = "<group>";
		};
		E5659044211875760039865C /* CSP */ = {
			isa = PBXGroup;
			children = (
				E50A8A07213BE018006A000D /* AbilitaCIE.h */,
				E50A8A0F213BE4C6006A000D /* AbilitaCIE.cpp */,
				E5659045211875760039865C /* ExtAuthKey.cpp */,
				E5659046211875760039865C /* IAS.cpp */,
				E5659047211875760039865C /* IAS.h */,
			);
			path = CSP;
			sourceTree = "<group>";
		};
		E565904B211875830039865C /* PCSC */ = {
			isa = PBXGroup;
			children = (
				E565904C211875830039865C /* APDU.cpp */,
				E565904D211875830039865C /* APDU.h */,
				E565904E211875830039865C /* CardLocker.cpp */,
				E565904F211875830039865C /* CardLocker.h */,
				E5659050211875830039865C /* PCSC.cpp */,
				E5659051211875830039865C /* PCSC.h */,
				E5659052211875830039865C /* Token.cpp */,
				E5659053211875830039865C /* Token.h */,
			);
			path = PCSC;
			sourceTree = "<group>";
		};
		E565905C211875940039865C /* Crypto */ = {
			isa = PBXGroup;
			children = (
				E565905D211875940039865C /* AES.cpp */,
				E565905E211875940039865C /* AES.h */,
				E565905F211875940039865C /* ASNParser.cpp */,
				E5659060211875940039865C /* ASNParser.h */,
				E5659061211875940039865C /* Base64.cpp */,
				E5659062211875940039865C /* Base64.h */,
				E5659063211875940039865C /* DES3.cpp */,
				E5659064211875940039865C /* DES3.h */,
				E5659065211875940039865C /* MAC.cpp */,
				E5659066211875940039865C /* MAC.h */,
				E5659067211875940039865C /* MD5.cpp */,
				E5659068211875940039865C /* MD5.h */,
				E5659069211875940039865C /* RSA.cpp */,
				E565906A211875940039865C /* RSA.h */,
				E565906B211875940039865C /* SHA1.cpp */,
				E565906C211875940039865C /* SHA1.h */,
				E565906D211875940039865C /* SHA256.cpp */,
				E565906E211875940039865C /* sha256.h */,
				E565906F211875940039865C /* SHA512.cpp */,
				E5659070211875940039865C /* sha512.h */,
			);
			path = Crypto;
			sourceTree = "<group>";
		};
		E5707B3321383CCA0054CF16 /* TestCIE */ = {
			isa = PBXGroup;
			children = (
				E5707B3A21383D1B0054CF16 /* UUCByteArray.cpp */,
				E5707B3921383D1B0054CF16 /* UUCByteArray.h */,
				E5707B3421383CCA0054CF16 /* main.cpp */,
			);
			path = TestCIE;
			sourceTree = "<group>";
		};
		E59B65BF213C06B8007348D5 /* AbilitaCIE */ = {
			isa = PBXGroup;
			children = (
				E59B65C0213C06B8007348D5 /* AppDelegate.h */,
				E59B65C1213C06B8007348D5 /* AppDelegate.m */,
				E59B65C3213C06B8007348D5 /* ViewController.h */,
				E59B65C4213C06B8007348D5 /* ViewController.mm */,
				E59B65C6213C06B9007348D5 /* Assets.xcassets */,
				E59B65C8213C06B9007348D5 /* Main.storyboard */,
				E59B65CB213C06B9007348D5 /* Info.plist */,
				E59B65CC213C06B9007348D5 /* main.m */,
				E59B65CE213C06B9007348D5 /* AbilitaCIE.entitlements */,
			);
			path = AbilitaCIE;
			sourceTree = "<group>";
		};
		E5BE7D7F20FE84D200004389 = {
			isa = PBXGroup;
			children = (
				E5BE7D8A20FE84D200004389 /* cie-pkcs11 */,
				E5707B3321383CCA0054CF16 /* TestCIE */,
				E59B65BF213C06B8007348D5 /* AbilitaCIE */,
				E5BE7D8920FE84D200004389 /* Products */,
				E5BE7DC620FE8A9A00004389 /* Frameworks */,
				B7FB7DAC107919BD2BEDD28E /* Pods */,
			);
			sourceTree = "<group>";
		};
		E5BE7D8920FE84D200004389 /* Products */ = {
			isa = PBXGroup;
			children = (
				E5BE7D8820FE84D200004389 /* libcie-pkcs11.dylib */,
				E5707B3221383CCA0054CF16 /* TestCIE */,
				E59B65BE213C06B8007348D5 /* AbilitaCIE.app */,
			);
			name = Products;
			sourceTree = "<group>";
		};
		E5BE7D8A20FE84D200004389 /* cie-pkcs11 */ = {
			isa = PBXGroup;
			children = (
				E50A89E2213BD72A006A000D /* UI */,
				E54EF42F2100D91200E2EADD /* libcryptopp.a */,
				E54EF4312100D99500E2EADD /* Cryptopp */,
				E565905C211875940039865C /* Crypto */,
				E565904B211875830039865C /* PCSC */,
				E5659044211875760039865C /* CSP */,
				E5658FF8211864470039865C /* Util */,
				E5BE7D9620FE853800004389 /* PKCS11 */,
			);
			path = "cie-pkcs11";
			sourceTree = "<group>";
		};
		E5BE7D9620FE853800004389 /* PKCS11 */ = {
			isa = PBXGroup;
			children = (
				E5BE7DC420FE883300004389 /* wintypes.h */,
				E5BE7DBD20FE858500004389 /* pkcs11.h */,
				E5BE7DBB20FE858500004389 /* pkcs11f.h */,
				E5BE7DBC20FE858500004389 /* pkcs11t.h */,
				E5BE7DC220FE86DC00004389 /* win32.h */,
				E5BE7D9720FE853800004389 /* CardContext.cpp */,
				E5BE7D9820FE853800004389 /* CardContext.h */,
				E5BE7D9920FE853800004389 /* CardTemplate.cpp */,
				E5BE7D9A20FE853800004389 /* CardTemplate.h */,
				E5BE7D9B20FE853800004389 /* CIEP11Template.cpp */,
				E5BE7D9C20FE853800004389 /* CIEP11Template.h */,
				E5BE7D9D20FE853800004389 /* initP11.cpp */,
				E5BE7D9E20FE853800004389 /* InitP11.h */,
				E5BE7D9F20FE853800004389 /* Mechanism.cpp */,
				E5BE7DA020FE853800004389 /* Mechanism.h */,
				E5BE7DA120FE853800004389 /* P11Object.cpp */,
				E5BE7DA220FE853800004389 /* P11Object.h */,
				E5BE7DA320FE853800004389 /* PKCS11Functions.cpp */,
				E5BE7DA420FE853800004389 /* PKCS11Functions.h */,
				E5BE7DA520FE853800004389 /* session.cpp */,
				E5BE7DA620FE853800004389 /* session.h */,
				E5BE7DA720FE853800004389 /* Slot.cpp */,
				E5BE7DA820FE853800004389 /* Slot.h */,
			);
			path = PKCS11;
			sourceTree = "<group>";
		};
		E5BE7DC620FE8A9A00004389 /* Frameworks */ = {
			isa = PBXGroup;
			children = (
				E50A8A0C213BE121006A000D /* AppKit.framework */,
				E50A8A0B213BE121006A000D /* Cocoa.framework */,
				E5BE7DC720FE8A9A00004389 /* PCSC.framework */,
				228A3612AA9E73AB30473645 /* libPods-cie-pkcs11.a */,
			);
			name = Frameworks;
			sourceTree = "<group>";
		};
/* End PBXGroup section */

/* Begin PBXHeadersBuildPhase section */
		E5BE7D8620FE84D200004389 /* Headers */ = {
			isa = PBXHeadersBuildPhase;
			buildActionMask = 2147483647;
			files = (
				E5659055211875830039865C /* APDU.h in Headers */,
				E565907E211875950039865C /* RSA.h in Headers */,
				E5BE7DC320FE86DC00004389 /* win32.h in Headers */,
				E5BE7DBA20FE853800004389 /* Slot.h in Headers */,
				E565905B211875830039865C /* Token.h in Headers */,
				E5BE7DC520FE883300004389 /* wintypes.h in Headers */,
				E5659059211875830039865C /* PCSC.h in Headers */,
				E5659078211875950039865C /* DES3.h in Headers */,
				E5BE7DAA20FE853800004389 /* CardContext.h in Headers */,
				E5659072211875950039865C /* AES.h in Headers */,
				E5BE7DB420FE853800004389 /* P11Object.h in Headers */,
				E5659039211864470039865C /* SyncroMutex.h in Headers */,
				E565902D211864470039865C /* defines.h in Headers */,
				E565902F211864470039865C /* funccallinfo.h in Headers */,
				E5BE7DB620FE853800004389 /* PKCS11Functions.h in Headers */,
				E5659041211864470039865C /* util.h in Headers */,
				E5BE7DAC20FE853800004389 /* CardTemplate.h in Headers */,
				E5659020211864470039865C /* Array.h in Headers */,
				E5BE7DB220FE853800004389 /* Mechanism.h in Headers */,
				E5659074211875950039865C /* ASNParser.h in Headers */,
				E5BE7DC020FE858600004389 /* pkcs11.h in Headers */,
				E5659043211864470039865C /* UtilException.h in Headers */,
				E5BE7DB020FE853800004389 /* InitP11.h in Headers */,
				E543F957215F6B250088CBC5 /* CryptoppUtils.h in Headers */,
				E5BE7DBE20FE858600004389 /* pkcs11f.h in Headers */,
				E5BE7DBF20FE858600004389 /* pkcs11t.h in Headers */,
				E565903F211864470039865C /* TLV.h in Headers */,
				E5BE7DAE20FE853800004389 /* CIEP11Template.h in Headers */,
				E5659084211875950039865C /* sha512.h in Headers */,
				E5659076211875950039865C /* Base64.h in Headers */,
				E55BE03B2136CD0300E5F396 /* CacheLib.h in Headers */,
				E5659037211864470039865C /* SyncroEvent.h in Headers */,
				E565907A211875950039865C /* MAC.h in Headers */,
				E50A8A08213BE019006A000D /* AbilitaCIE.h in Headers */,
				E5659080211875950039865C /* SHA1.h in Headers */,
				E5659035211864470039865C /* ModuleInfo.h in Headers */,
				E5659033211864470039865C /* log.h in Headers */,
				E5659082211875950039865C /* sha256.h in Headers */,
				E5659031211864470039865C /* IniSettings.h in Headers */,
				E5659057211875830039865C /* CardLocker.h in Headers */,
				E565903D211864470039865C /* tinyxml2.h in Headers */,
				E565907C211875950039865C /* MD5.h in Headers */,
				E565904A211875760039865C /* IAS.h in Headers */,
				E5BE7DB820FE853800004389 /* session.h in Headers */,
			);
			runOnlyForDeploymentPostprocessing = 0;
		};
/* End PBXHeadersBuildPhase section */

/* Begin PBXNativeTarget section */
		E5707B3121383CCA0054CF16 /* TestCIE */ = {
			isa = PBXNativeTarget;
			buildConfigurationList = E5707B3821383CCA0054CF16 /* Build configuration list for PBXNativeTarget "TestCIE" */;
			buildPhases = (
				E5707B2E21383CCA0054CF16 /* Sources */,
				E5707B2F21383CCA0054CF16 /* Frameworks */,
				E5707B3021383CCA0054CF16 /* CopyFiles */,
			);
			buildRules = (
			);
			dependencies = (
			);
			name = TestCIE;
			productName = TestCIE;
			productReference = E5707B3221383CCA0054CF16 /* TestCIE */;
			productType = "com.apple.product-type.tool";
		};
		E59B65BD213C06B8007348D5 /* AbilitaCIE */ = {
			isa = PBXNativeTarget;
			buildConfigurationList = E59B65D1213C06B9007348D5 /* Build configuration list for PBXNativeTarget "AbilitaCIE" */;
			buildPhases = (
				E59B65BA213C06B8007348D5 /* Sources */,
				E59B65BB213C06B8007348D5 /* Frameworks */,
				E59B65BC213C06B8007348D5 /* Resources */,
			);
			buildRules = (
			);
			dependencies = (
			);
			name = AbilitaCIE;
			productName = AbilitaCIE;
			productReference = E59B65BE213C06B8007348D5 /* AbilitaCIE.app */;
			productType = "com.apple.product-type.application";
		};
		E5BE7D8720FE84D200004389 /* cie-pkcs11 */ = {
			isa = PBXNativeTarget;
			buildConfigurationList = E5BE7D9320FE84D200004389 /* Build configuration list for PBXNativeTarget "cie-pkcs11" */;
			buildPhases = (
				51235AD0B0EC5D7CC97C0CAE /* [CP] Check Pods Manifest.lock */,
				E5BE7D8420FE84D200004389 /* Sources */,
				E5BE7D8520FE84D200004389 /* Frameworks */,
				E5BE7D8620FE84D200004389 /* Headers */,
				8A8865E07180174E58CCB0AD /* [CP] Copy Pods Resources */,
			);
			buildRules = (
			);
			dependencies = (
			);
			name = "cie-pkcs11";
			productName = "cie-pkcs11";
			productReference = E5BE7D8820FE84D200004389 /* libcie-pkcs11.dylib */;
			productType = "com.apple.product-type.library.dynamic";
		};
/* End PBXNativeTarget section */

/* Begin PBXProject section */
		E5BE7D8020FE84D200004389 /* Project object */ = {
			isa = PBXProject;
			attributes = {
				LastUpgradeCheck = 0940;
				ORGANIZATIONNAME = IPZS;
				TargetAttributes = {
					E5707B3121383CCA0054CF16 = {
						CreatedOnToolsVersion = 9.4.1;
					};
					E59B65BD213C06B8007348D5 = {
						CreatedOnToolsVersion = 9.4.1;
						SystemCapabilities = {
							com.apple.ApplicationGroups.Mac = {
								enabled = 0;
							};
							com.apple.NetworkExtensions = {
								enabled = 0;
							};
							com.apple.Sandbox = {
								enabled = 0;
							};
						};
					};
					E5BE7D8720FE84D200004389 = {
						CreatedOnToolsVersion = 9.4.1;
					};
				};
			};
			buildConfigurationList = E5BE7D8320FE84D200004389 /* Build configuration list for PBXProject "cie-pkcs11" */;
			compatibilityVersion = "Xcode 9.3";
			developmentRegion = en;
			hasScannedForEncodings = 0;
			knownRegions = (
				en,
				Base,
			);
			mainGroup = E5BE7D7F20FE84D200004389;
			productRefGroup = E5BE7D8920FE84D200004389 /* Products */;
			projectDirPath = "";
			projectRoot = "";
			targets = (
				E5BE7D8720FE84D200004389 /* cie-pkcs11 */,
				E5707B3121383CCA0054CF16 /* TestCIE */,
				E59B65BD213C06B8007348D5 /* AbilitaCIE */,
			);
		};
/* End PBXProject section */

/* Begin PBXResourcesBuildPhase section */
		E59B65BC213C06B8007348D5 /* Resources */ = {
			isa = PBXResourcesBuildPhase;
			buildActionMask = 2147483647;
			files = (
				E59B65C7213C06B9007348D5 /* Assets.xcassets in Resources */,
				E59B65CA213C06B9007348D5 /* Main.storyboard in Resources */,
			);
			runOnlyForDeploymentPostprocessing = 0;
		};
/* End PBXResourcesBuildPhase section */

/* Begin PBXShellScriptBuildPhase section */
		51235AD0B0EC5D7CC97C0CAE /* [CP] Check Pods Manifest.lock */ = {
			isa = PBXShellScriptBuildPhase;
			buildActionMask = 2147483647;
			files = (
			);
			inputPaths = (
				"${PODS_PODFILE_DIR_PATH}/Podfile.lock",
				"${PODS_ROOT}/Manifest.lock",
			);
			name = "[CP] Check Pods Manifest.lock";
			outputPaths = (
				"$(DERIVED_FILE_DIR)/Pods-cie-pkcs11-checkManifestLockResult.txt",
			);
			runOnlyForDeploymentPostprocessing = 0;
			shellPath = /bin/sh;
			shellScript = "diff \"${PODS_PODFILE_DIR_PATH}/Podfile.lock\" \"${PODS_ROOT}/Manifest.lock\" > /dev/null\nif [ $? != 0 ] ; then\n    # print error to STDERR\n    echo \"error: The sandbox is not in sync with the Podfile.lock. Run 'pod install' or update your CocoaPods installation.\" >&2\n    exit 1\nfi\n# This output is used by Xcode 'outputs' to avoid re-running this script phase.\necho \"SUCCESS\" > \"${SCRIPT_OUTPUT_FILE_0}\"\n";
			showEnvVarsInLog = 0;
		};
		8A8865E07180174E58CCB0AD /* [CP] Copy Pods Resources */ = {
			isa = PBXShellScriptBuildPhase;
			buildActionMask = 2147483647;
			files = (
			);
			inputPaths = (
			);
			name = "[CP] Copy Pods Resources";
			outputPaths = (
			);
			runOnlyForDeploymentPostprocessing = 0;
			shellPath = /bin/sh;
			shellScript = "\"${SRCROOT}/Pods/Target Support Files/Pods-cie-pkcs11/Pods-cie-pkcs11-resources.sh\"\n";
			showEnvVarsInLog = 0;
		};
/* End PBXShellScriptBuildPhase section */

/* Begin PBXSourcesBuildPhase section */
		E5707B2E21383CCA0054CF16 /* Sources */ = {
			isa = PBXSourcesBuildPhase;
			buildActionMask = 2147483647;
			files = (
				E5707B3521383CCA0054CF16 /* main.cpp in Sources */,
				E5707B3B21383D1B0054CF16 /* UUCByteArray.cpp in Sources */,
			);
			runOnlyForDeploymentPostprocessing = 0;
		};
		E59B65BA213C06B8007348D5 /* Sources */ = {
			isa = PBXSourcesBuildPhase;
			buildActionMask = 2147483647;
			files = (
				E59B65C5213C06B8007348D5 /* ViewController.mm in Sources */,
				E59B65CD213C06B9007348D5 /* main.m in Sources */,
				E59B65C2213C06B8007348D5 /* AppDelegate.m in Sources */,
			);
			runOnlyForDeploymentPostprocessing = 0;
		};
		E5BE7D8420FE84D200004389 /* Sources */ = {
			isa = PBXSourcesBuildPhase;
			buildActionMask = 2147483647;
			files = (
				E5659049211875760039865C /* IAS.cpp in Sources */,
				E5BE7DB520FE853800004389 /* PKCS11Functions.cpp in Sources */,
				E5659058211875830039865C /* PCSC.cpp in Sources */,
				E5659032211864470039865C /* log.cpp in Sources */,
				E5659054211875830039865C /* APDU.cpp in Sources */,
				E5659071211875950039865C /* AES.cpp in Sources */,
				E565907D211875950039865C /* RSA.cpp in Sources */,
				E5BE7DB320FE853800004389 /* P11Object.cpp in Sources */,
				E5659048211875760039865C /* ExtAuthKey.cpp in Sources */,
				E50A8A10213BE4C6006A000D /* AbilitaCIE.cpp in Sources */,
				E565903E211864470039865C /* TLV.cpp in Sources */,
				E5659079211875950039865C /* MAC.cpp in Sources */,
				E5BE7DB720FE853800004389 /* session.cpp in Sources */,
				E5659073211875950039865C /* ASNParser.cpp in Sources */,
				E565901F211864470039865C /* Array.cpp in Sources */,
				E5659075211875950039865C /* Base64.cpp in Sources */,
				E5BE7DAF20FE853800004389 /* initP11.cpp in Sources */,
				E565902E211864470039865C /* funccallinfo.cpp in Sources */,
				E5659034211864470039865C /* ModuleInfo.cpp in Sources */,
				E565907B211875950039865C /* MD5.cpp in Sources */,
				E543F955215F6B1D0088CBC5 /* CryptoppUtils.cpp in Sources */,
				E5BE7DA920FE853800004389 /* CardContext.cpp in Sources */,
				E5659077211875950039865C /* DES3.cpp in Sources */,
				E55BE03C2136CD0300E5F396 /* CacheLib.cpp in Sources */,
				E565903C211864470039865C /* tinyxml2.cpp in Sources */,
				E5659036211864470039865C /* SyncroEvent.cpp in Sources */,
				E565907F211875950039865C /* SHA1.cpp in Sources */,
				E5659040211864470039865C /* util.cpp in Sources */,
				E5659030211864470039865C /* IniSettings.cpp in Sources */,
				E5BE7DAD20FE853800004389 /* CIEP11Template.cpp in Sources */,
				E5659083211875950039865C /* SHA512.cpp in Sources */,
				E5659056211875830039865C /* CardLocker.cpp in Sources */,
				E5BE7DAB20FE853800004389 /* CardTemplate.cpp in Sources */,
				E5BE7DB120FE853800004389 /* Mechanism.cpp in Sources */,
				E5659042211864470039865C /* UtilException.cpp in Sources */,
				E5659081211875950039865C /* SHA256.cpp in Sources */,
				E565905A211875830039865C /* Token.cpp in Sources */,
				E5BE7DB920FE853800004389 /* Slot.cpp in Sources */,
				E50A8A0A213BE053006A000D /* AbilitaCIE.mm in Sources */,
				E5659038211864470039865C /* SyncroMutex.cpp in Sources */,
			);
			runOnlyForDeploymentPostprocessing = 0;
		};
/* End PBXSourcesBuildPhase section */

/* Begin PBXVariantGroup section */
		E59B65C8213C06B9007348D5 /* Main.storyboard */ = {
			isa = PBXVariantGroup;
			children = (
				E59B65C9213C06B9007348D5 /* Base */,
			);
			name = Main.storyboard;
			sourceTree = "<group>";
		};
/* End PBXVariantGroup section */

/* Begin XCBuildConfiguration section */
		E5707B3621383CCA0054CF16 /* Debug */ = {
			isa = XCBuildConfiguration;
			buildSettings = {
				CODE_SIGN_STYLE = Automatic;
				DEVELOPMENT_TEAM = UV5M7CH7SB;
				PRODUCT_NAME = "$(TARGET_NAME)";
			};
			name = Debug;
		};
		E5707B3721383CCA0054CF16 /* Release */ = {
			isa = XCBuildConfiguration;
			buildSettings = {
				CODE_SIGN_STYLE = Automatic;
				DEVELOPMENT_TEAM = UV5M7CH7SB;
				PRODUCT_NAME = "$(TARGET_NAME)";
			};
			name = Release;
		};
		E59B65CF213C06B9007348D5 /* Debug */ = {
			isa = XCBuildConfiguration;
			buildSettings = {
				ASSETCATALOG_COMPILER_APPICON_NAME = AppIcon;
				CODE_SIGN_ENTITLEMENTS = AbilitaCIE/AbilitaCIE.entitlements;
				CODE_SIGN_STYLE = Automatic;
				COMBINE_HIDPI_IMAGES = YES;
				DEVELOPMENT_TEAM = UV5M7CH7SB;
				INFOPLIST_FILE = AbilitaCIE/Info.plist;
				LD_RUNPATH_SEARCH_PATHS = (
					"$(inherited)",
					"@executable_path/../Frameworks",
				);
				PRODUCT_BUNDLE_IDENTIFIER = ugochirico.AbilitaCIE;
				PRODUCT_NAME = "$(TARGET_NAME)";
			};
			name = Debug;
		};
		E59B65D0213C06B9007348D5 /* Release */ = {
			isa = XCBuildConfiguration;
			buildSettings = {
				ASSETCATALOG_COMPILER_APPICON_NAME = AppIcon;
				CODE_SIGN_ENTITLEMENTS = AbilitaCIE/AbilitaCIE.entitlements;
				CODE_SIGN_STYLE = Automatic;
				COMBINE_HIDPI_IMAGES = YES;
				DEVELOPMENT_TEAM = UV5M7CH7SB;
				INFOPLIST_FILE = AbilitaCIE/Info.plist;
				LD_RUNPATH_SEARCH_PATHS = (
					"$(inherited)",
					"@executable_path/../Frameworks",
				);
				PRODUCT_BUNDLE_IDENTIFIER = ugochirico.AbilitaCIE;
				PRODUCT_NAME = "$(TARGET_NAME)";
			};
			name = Release;
		};
		E5BE7D9120FE84D200004389 /* Debug */ = {
			isa = XCBuildConfiguration;
			buildSettings = {
				ALWAYS_SEARCH_USER_PATHS = NO;
				CLANG_ANALYZER_NONNULL = YES;
				CLANG_ANALYZER_NUMBER_OBJECT_CONVERSION = YES_AGGRESSIVE;
				CLANG_CXX_LANGUAGE_STANDARD = "gnu++14";
				CLANG_CXX_LIBRARY = "libc++";
				CLANG_ENABLE_MODULES = YES;
				CLANG_ENABLE_OBJC_ARC = YES;
				CLANG_ENABLE_OBJC_WEAK = YES;
				CLANG_WARN_BLOCK_CAPTURE_AUTORELEASING = YES;
				CLANG_WARN_BOOL_CONVERSION = YES;
				CLANG_WARN_COMMA = YES;
				CLANG_WARN_CONSTANT_CONVERSION = YES;
				CLANG_WARN_DEPRECATED_OBJC_IMPLEMENTATIONS = YES;
				CLANG_WARN_DIRECT_OBJC_ISA_USAGE = YES_ERROR;
				CLANG_WARN_DOCUMENTATION_COMMENTS = YES;
				CLANG_WARN_EMPTY_BODY = YES;
				CLANG_WARN_ENUM_CONVERSION = YES;
				CLANG_WARN_INFINITE_RECURSION = YES;
				CLANG_WARN_INT_CONVERSION = YES;
				CLANG_WARN_NON_LITERAL_NULL_CONVERSION = YES;
				CLANG_WARN_OBJC_IMPLICIT_RETAIN_SELF = YES;
				CLANG_WARN_OBJC_LITERAL_CONVERSION = YES;
				CLANG_WARN_OBJC_ROOT_CLASS = YES_ERROR;
				CLANG_WARN_RANGE_LOOP_ANALYSIS = YES;
				CLANG_WARN_STRICT_PROTOTYPES = YES;
				CLANG_WARN_SUSPICIOUS_MOVE = YES;
				CLANG_WARN_UNGUARDED_AVAILABILITY = YES_AGGRESSIVE;
				CLANG_WARN_UNREACHABLE_CODE = YES;
				CLANG_WARN__DUPLICATE_METHOD_MATCH = YES;
				CODE_SIGN_IDENTITY = "Mac Developer";
				COPY_PHASE_STRIP = NO;
				DEBUG_INFORMATION_FORMAT = dwarf;
				ENABLE_STRICT_OBJC_MSGSEND = YES;
				ENABLE_TESTABILITY = YES;
				GCC_C_LANGUAGE_STANDARD = gnu11;
				GCC_DYNAMIC_NO_PIC = NO;
				GCC_NO_COMMON_BLOCKS = YES;
				GCC_OPTIMIZATION_LEVEL = 0;
				GCC_PREPROCESSOR_DEFINITIONS = (
					"DEBUG=1",
					"$(inherited)",
				);
				GCC_WARN_64_TO_32_BIT_CONVERSION = YES;
				GCC_WARN_ABOUT_RETURN_TYPE = YES_ERROR;
				GCC_WARN_UNDECLARED_SELECTOR = YES;
				GCC_WARN_UNINITIALIZED_AUTOS = YES_AGGRESSIVE;
				GCC_WARN_UNUSED_FUNCTION = YES;
				GCC_WARN_UNUSED_VARIABLE = YES;
				MACOSX_DEPLOYMENT_TARGET = 10.13;
				MTL_ENABLE_DEBUG_INFO = YES;
				ONLY_ACTIVE_ARCH = YES;
				SDKROOT = macosx;
			};
			name = Debug;
		};
		E5BE7D9220FE84D200004389 /* Release */ = {
			isa = XCBuildConfiguration;
			buildSettings = {
				ALWAYS_SEARCH_USER_PATHS = NO;
				CLANG_ANALYZER_NONNULL = YES;
				CLANG_ANALYZER_NUMBER_OBJECT_CONVERSION = YES_AGGRESSIVE;
				CLANG_CXX_LANGUAGE_STANDARD = "gnu++14";
				CLANG_CXX_LIBRARY = "libc++";
				CLANG_ENABLE_MODULES = YES;
				CLANG_ENABLE_OBJC_ARC = YES;
				CLANG_ENABLE_OBJC_WEAK = YES;
				CLANG_WARN_BLOCK_CAPTURE_AUTORELEASING = YES;
				CLANG_WARN_BOOL_CONVERSION = YES;
				CLANG_WARN_COMMA = YES;
				CLANG_WARN_CONSTANT_CONVERSION = YES;
				CLANG_WARN_DEPRECATED_OBJC_IMPLEMENTATIONS = YES;
				CLANG_WARN_DIRECT_OBJC_ISA_USAGE = YES_ERROR;
				CLANG_WARN_DOCUMENTATION_COMMENTS = YES;
				CLANG_WARN_EMPTY_BODY = YES;
				CLANG_WARN_ENUM_CONVERSION = YES;
				CLANG_WARN_INFINITE_RECURSION = YES;
				CLANG_WARN_INT_CONVERSION = YES;
				CLANG_WARN_NON_LITERAL_NULL_CONVERSION = YES;
				CLANG_WARN_OBJC_IMPLICIT_RETAIN_SELF = YES;
				CLANG_WARN_OBJC_LITERAL_CONVERSION = YES;
				CLANG_WARN_OBJC_ROOT_CLASS = YES_ERROR;
				CLANG_WARN_RANGE_LOOP_ANALYSIS = YES;
				CLANG_WARN_STRICT_PROTOTYPES = YES;
				CLANG_WARN_SUSPICIOUS_MOVE = YES;
				CLANG_WARN_UNGUARDED_AVAILABILITY = YES_AGGRESSIVE;
				CLANG_WARN_UNREACHABLE_CODE = YES;
				CLANG_WARN__DUPLICATE_METHOD_MATCH = YES;
				CODE_SIGN_IDENTITY = "Mac Developer";
				COPY_PHASE_STRIP = NO;
				DEBUG_INFORMATION_FORMAT = "dwarf-with-dsym";
				ENABLE_NS_ASSERTIONS = NO;
				ENABLE_STRICT_OBJC_MSGSEND = YES;
				GCC_C_LANGUAGE_STANDARD = gnu11;
				GCC_NO_COMMON_BLOCKS = YES;
				GCC_WARN_64_TO_32_BIT_CONVERSION = YES;
				GCC_WARN_ABOUT_RETURN_TYPE = YES_ERROR;
				GCC_WARN_UNDECLARED_SELECTOR = YES;
				GCC_WARN_UNINITIALIZED_AUTOS = YES_AGGRESSIVE;
				GCC_WARN_UNUSED_FUNCTION = YES;
				GCC_WARN_UNUSED_VARIABLE = YES;
				MACOSX_DEPLOYMENT_TARGET = 10.13;
				MTL_ENABLE_DEBUG_INFO = NO;
				SDKROOT = macosx;
			};
			name = Release;
		};
		E5BE7D9420FE84D200004389 /* Debug */ = {
			isa = XCBuildConfiguration;
			baseConfigurationReference = 79847492CAD3310437BDE674 /* Pods-cie-pkcs11.debug.xcconfig */;
			buildSettings = {
				CODE_SIGN_STYLE = Automatic;
				DEVELOPMENT_TEAM = UV5M7CH7SB;
				DYLIB_COMPATIBILITY_VERSION = 1;
				DYLIB_CURRENT_VERSION = 1;
				EXECUTABLE_PREFIX = lib;
				GCC_ENABLE_CPP_EXCEPTIONS = YES;
				GCC_ENABLE_CPP_RTTI = YES;
				GCC_SYMBOLS_PRIVATE_EXTERN = YES;
				LIBRARY_SEARCH_PATHS = (
					"$(inherited)",
					"$(PROJECT_DIR)/cie-pkcs11",
				);
				PRODUCT_NAME = "$(TARGET_NAME)";
				SKIP_INSTALL = YES;
			};
			name = Debug;
		};
		E5BE7D9520FE84D200004389 /* Release */ = {
			isa = XCBuildConfiguration;
			baseConfigurationReference = 438D493AABE95B9738D331F7 /* Pods-cie-pkcs11.release.xcconfig */;
			buildSettings = {
				CODE_SIGN_STYLE = Automatic;
				DEVELOPMENT_TEAM = UV5M7CH7SB;
				DYLIB_COMPATIBILITY_VERSION = 1;
				DYLIB_CURRENT_VERSION = 1;
				EXECUTABLE_PREFIX = lib;
				GCC_ENABLE_CPP_EXCEPTIONS = YES;
				GCC_ENABLE_CPP_RTTI = YES;
				GCC_SYMBOLS_PRIVATE_EXTERN = YES;
				LIBRARY_SEARCH_PATHS = (
					"$(inherited)",
					"$(PROJECT_DIR)/cie-pkcs11",
				);
				PRODUCT_NAME = "$(TARGET_NAME)";
				SKIP_INSTALL = YES;
			};
			name = Release;
		};
/* End XCBuildConfiguration section */

/* Begin XCConfigurationList section */
		E5707B3821383CCA0054CF16 /* Build configuration list for PBXNativeTarget "TestCIE" */ = {
			isa = XCConfigurationList;
			buildConfigurations = (
				E5707B3621383CCA0054CF16 /* Debug */,
				E5707B3721383CCA0054CF16 /* Release */,
			);
			defaultConfigurationIsVisible = 0;
			defaultConfigurationName = Release;
		};
		E59B65D1213C06B9007348D5 /* Build configuration list for PBXNativeTarget "AbilitaCIE" */ = {
			isa = XCConfigurationList;
			buildConfigurations = (
				E59B65CF213C06B9007348D5 /* Debug */,
				E59B65D0213C06B9007348D5 /* Release */,
			);
			defaultConfigurationIsVisible = 0;
			defaultConfigurationName = Release;
		};
		E5BE7D8320FE84D200004389 /* Build configuration list for PBXProject "cie-pkcs11" */ = {
			isa = XCConfigurationList;
			buildConfigurations = (
				E5BE7D9120FE84D200004389 /* Debug */,
				E5BE7D9220FE84D200004389 /* Release */,
			);
			defaultConfigurationIsVisible = 0;
			defaultConfigurationName = Release;
		};
		E5BE7D9320FE84D200004389 /* Build configuration list for PBXNativeTarget "cie-pkcs11" */ = {
			isa = XCConfigurationList;
			buildConfigurations = (
				E5BE7D9420FE84D200004389 /* Debug */,
				E5BE7D9520FE84D200004389 /* Release */,
			);
			defaultConfigurationIsVisible = 0;
			defaultConfigurationName = Release;
		};
/* End XCConfigurationList section */
	};
	rootObject = E5BE7D8020FE84D200004389 /* Project object */;
}
