// !$*UTF8*$!
{
	archiveVersion = 1;
	classes = {
	};
	objectVersion = 50;
	objects = {

/* Begin PBXBuildFile section */
		E5BE7D8C20FE84D200004389 /* cie_pkcs11.hpp in Headers */ = {isa = PBXBuildFile; fileRef = E5BE7D8B20FE84D200004389 /* cie_pkcs11.hpp */; };
		E5BE7D8E20FE84D200004389 /* cie_pkcs11Priv.hpp in Headers */ = {isa = PBXBuildFile; fileRef = E5BE7D8D20FE84D200004389 /* cie_pkcs11Priv.hpp */; };
		E5BE7D9020FE84D200004389 /* cie_pkcs11.cpp in Sources */ = {isa = PBXBuildFile; fileRef = E5BE7D8F20FE84D200004389 /* cie_pkcs11.cpp */; };
		E5BE7DA920FE853800004389 /* CardContext.cpp in Sources */ = {isa = PBXBuildFile; fileRef = E5BE7D9720FE853800004389 /* CardContext.cpp */; };
		E5BE7DAA20FE853800004389 /* CardContext.h in Headers */ = {isa = PBXBuildFile; fileRef = E5BE7D9820FE853800004389 /* CardContext.h */; };
		E5BE7DAB20FE853800004389 /* CardTemplate.cpp in Sources */ = {isa = PBXBuildFile; fileRef = E5BE7D9920FE853800004389 /* CardTemplate.cpp */; };
		E5BE7DAC20FE853800004389 /* CardTemplate.h in Headers */ = {isa = PBXBuildFile; fileRef = E5BE7D9A20FE853800004389 /* CardTemplate.h */; };
		E5BE7DAD20FE853800004389 /* CIEP11Template.cpp in Sources */ = {isa = PBXBuildFile; fileRef = E5BE7D9B20FE853800004389 /* CIEP11Template.cpp */; };
		E5BE7DAE20FE853800004389 /* CIEP11Template.h in Headers */ = {isa = PBXBuildFile; fileRef = E5BE7D9C20FE853800004389 /* CIEP11Template.h */; };
		E5BE7DAF20FE853800004389 /* initP11.cpp in Sources */ = {isa = PBXBuildFile; fileRef = E5BE7D9D20FE853800004389 /* initP11.cpp */; };
		E5BE7DB020FE853800004389 /* InitP11.h in Headers */ = {isa = PBXBuildFile; fileRef = E5BE7D9E20FE853800004389 /* InitP11.h */; };
		E5BE7DB120FE853800004389 /* Mechanism.cpp in Sources */ = {isa = PBXBuildFile; fileRef = E5BE7D9F20FE853800004389 /* Mechanism.cpp */; };
		E5BE7DB220FE853800004389 /* Mechanism.h in Headers */ = {isa = PBXBuildFile; fileRef = E5BE7DA020FE853800004389 /* Mechanism.h */; };
		E5BE7DB320FE853800004389 /* P11Object.cpp in Sources */ = {isa = PBXBuildFile; fileRef = E5BE7DA120FE853800004389 /* P11Object.cpp */; };
		E5BE7DB420FE853800004389 /* P11Object.h in Headers */ = {isa = PBXBuildFile; fileRef = E5BE7DA220FE853800004389 /* P11Object.h */; };
		E5BE7DB520FE853800004389 /* PKCS11Functions.cpp in Sources */ = {isa = PBXBuildFile; fileRef = E5BE7DA320FE853800004389 /* PKCS11Functions.cpp */; };
		E5BE7DB620FE853800004389 /* PKCS11Functions.h in Headers */ = {isa = PBXBuildFile; fileRef = E5BE7DA420FE853800004389 /* PKCS11Functions.h */; };
		E5BE7DB720FE853800004389 /* session.cpp in Sources */ = {isa = PBXBuildFile; fileRef = E5BE7DA520FE853800004389 /* session.cpp */; };
		E5BE7DB820FE853800004389 /* session.h in Headers */ = {isa = PBXBuildFile; fileRef = E5BE7DA620FE853800004389 /* session.h */; };
		E5BE7DB920FE853800004389 /* Slot.cpp in Sources */ = {isa = PBXBuildFile; fileRef = E5BE7DA720FE853800004389 /* Slot.cpp */; };
		E5BE7DBA20FE853800004389 /* Slot.h in Headers */ = {isa = PBXBuildFile; fileRef = E5BE7DA820FE853800004389 /* Slot.h */; };
		E5BE7DBE20FE858600004389 /* pkcs11f.h in Headers */ = {isa = PBXBuildFile; fileRef = E5BE7DBB20FE858500004389 /* pkcs11f.h */; };
		E5BE7DBF20FE858600004389 /* pkcs11t.h in Headers */ = {isa = PBXBuildFile; fileRef = E5BE7DBC20FE858500004389 /* pkcs11t.h */; };
		E5BE7DC020FE858600004389 /* pkcs11.h in Headers */ = {isa = PBXBuildFile; fileRef = E5BE7DBD20FE858500004389 /* pkcs11.h */; };
		E5BE7DC320FE86DC00004389 /* win32.h in Headers */ = {isa = PBXBuildFile; fileRef = E5BE7DC220FE86DC00004389 /* win32.h */; };
		E5BE7DC520FE883300004389 /* wintypes.h in Headers */ = {isa = PBXBuildFile; fileRef = E5BE7DC420FE883300004389 /* wintypes.h */; };
		E5BE7DC820FE8A9A00004389 /* PCSC.framework in Frameworks */ = {isa = PBXBuildFile; fileRef = E5BE7DC720FE8A9A00004389 /* PCSC.framework */; };
/* End PBXBuildFile section */

/* Begin PBXFileReference section */
		E5BE7D8820FE84D200004389 /* libcie-pkcs11.dylib */ = {isa = PBXFileReference; explicitFileType = "compiled.mach-o.dylib"; includeInIndex = 0; path = "libcie-pkcs11.dylib"; sourceTree = BUILT_PRODUCTS_DIR; };
		E5BE7D8B20FE84D200004389 /* cie_pkcs11.hpp */ = {isa = PBXFileReference; lastKnownFileType = sourcecode.cpp.h; path = cie_pkcs11.hpp; sourceTree = "<group>"; };
		E5BE7D8D20FE84D200004389 /* cie_pkcs11Priv.hpp */ = {isa = PBXFileReference; lastKnownFileType = sourcecode.cpp.h; path = cie_pkcs11Priv.hpp; sourceTree = "<group>"; };
		E5BE7D8F20FE84D200004389 /* cie_pkcs11.cpp */ = {isa = PBXFileReference; lastKnownFileType = sourcecode.cpp.cpp; path = cie_pkcs11.cpp; sourceTree = "<group>"; };
		E5BE7D9720FE853800004389 /* CardContext.cpp */ = {isa = PBXFileReference; fileEncoding = 4; lastKnownFileType = sourcecode.cpp.cpp; path = CardContext.cpp; sourceTree = "<group>"; };
		E5BE7D9820FE853800004389 /* CardContext.h */ = {isa = PBXFileReference; fileEncoding = 4; lastKnownFileType = sourcecode.c.h; path = CardContext.h; sourceTree = "<group>"; };
		E5BE7D9920FE853800004389 /* CardTemplate.cpp */ = {isa = PBXFileReference; fileEncoding = 4; lastKnownFileType = sourcecode.cpp.cpp; path = CardTemplate.cpp; sourceTree = "<group>"; };
		E5BE7D9A20FE853800004389 /* CardTemplate.h */ = {isa = PBXFileReference; fileEncoding = 4; lastKnownFileType = sourcecode.c.h; path = CardTemplate.h; sourceTree = "<group>"; };
		E5BE7D9B20FE853800004389 /* CIEP11Template.cpp */ = {isa = PBXFileReference; fileEncoding = 4; lastKnownFileType = sourcecode.cpp.cpp; path = CIEP11Template.cpp; sourceTree = "<group>"; };
		E5BE7D9C20FE853800004389 /* CIEP11Template.h */ = {isa = PBXFileReference; fileEncoding = 4; lastKnownFileType = sourcecode.c.h; path = CIEP11Template.h; sourceTree = "<group>"; };
		E5BE7D9D20FE853800004389 /* initP11.cpp */ = {isa = PBXFileReference; fileEncoding = 4; lastKnownFileType = sourcecode.cpp.cpp; path = initP11.cpp; sourceTree = "<group>"; };
		E5BE7D9E20FE853800004389 /* InitP11.h */ = {isa = PBXFileReference; fileEncoding = 4; lastKnownFileType = sourcecode.c.h; path = InitP11.h; sourceTree = "<group>"; };
		E5BE7D9F20FE853800004389 /* Mechanism.cpp */ = {isa = PBXFileReference; fileEncoding = 4; lastKnownFileType = sourcecode.cpp.cpp; path = Mechanism.cpp; sourceTree = "<group>"; };
		E5BE7DA020FE853800004389 /* Mechanism.h */ = {isa = PBXFileReference; fileEncoding = 4; lastKnownFileType = sourcecode.c.h; path = Mechanism.h; sourceTree = "<group>"; };
		E5BE7DA120FE853800004389 /* P11Object.cpp */ = {isa = PBXFileReference; fileEncoding = 4; lastKnownFileType = sourcecode.cpp.cpp; path = P11Object.cpp; sourceTree = "<group>"; };
		E5BE7DA220FE853800004389 /* P11Object.h */ = {isa = PBXFileReference; fileEncoding = 4; lastKnownFileType = sourcecode.c.h; path = P11Object.h; sourceTree = "<group>"; };
		E5BE7DA320FE853800004389 /* PKCS11Functions.cpp */ = {isa = PBXFileReference; fileEncoding = 4; lastKnownFileType = sourcecode.cpp.cpp; path = PKCS11Functions.cpp; sourceTree = "<group>"; };
		E5BE7DA420FE853800004389 /* PKCS11Functions.h */ = {isa = PBXFileReference; fileEncoding = 4; lastKnownFileType = sourcecode.c.h; path = PKCS11Functions.h; sourceTree = "<group>"; };
		E5BE7DA520FE853800004389 /* session.cpp */ = {isa = PBXFileReference; fileEncoding = 4; lastKnownFileType = sourcecode.cpp.cpp; path = session.cpp; sourceTree = "<group>"; };
		E5BE7DA620FE853800004389 /* session.h */ = {isa = PBXFileReference; fileEncoding = 4; lastKnownFileType = sourcecode.c.h; path = session.h; sourceTree = "<group>"; };
		E5BE7DA720FE853800004389 /* Slot.cpp */ = {isa = PBXFileReference; fileEncoding = 4; lastKnownFileType = sourcecode.cpp.cpp; path = Slot.cpp; sourceTree = "<group>"; };
		E5BE7DA820FE853800004389 /* Slot.h */ = {isa = PBXFileReference; fileEncoding = 4; lastKnownFileType = sourcecode.c.h; path = Slot.h; sourceTree = "<group>"; };
		E5BE7DBB20FE858500004389 /* pkcs11f.h */ = {isa = PBXFileReference; fileEncoding = 4; lastKnownFileType = sourcecode.c.h; path = pkcs11f.h; sourceTree = "<group>"; };
		E5BE7DBC20FE858500004389 /* pkcs11t.h */ = {isa = PBXFileReference; fileEncoding = 4; lastKnownFileType = sourcecode.c.h; path = pkcs11t.h; sourceTree = "<group>"; };
		E5BE7DBD20FE858500004389 /* pkcs11.h */ = {isa = PBXFileReference; fileEncoding = 4; lastKnownFileType = sourcecode.c.h; path = pkcs11.h; sourceTree = "<group>"; };
		E5BE7DC120FE85C800004389 /* Util */ = {isa = PBXFileReference; lastKnownFileType = folder; path = Util; sourceTree = "<group>"; };
		E5BE7DC220FE86DC00004389 /* win32.h */ = {isa = PBXFileReference; fileEncoding = 4; lastKnownFileType = sourcecode.c.h; path = win32.h; sourceTree = "<group>"; };
		E5BE7DC420FE883300004389 /* wintypes.h */ = {isa = PBXFileReference; fileEncoding = 4; lastKnownFileType = sourcecode.c.h; path = wintypes.h; sourceTree = "<group>"; };
		E5BE7DC720FE8A9A00004389 /* PCSC.framework */ = {isa = PBXFileReference; lastKnownFileType = wrapper.framework; name = PCSC.framework; path = System/Library/Frameworks/PCSC.framework; sourceTree = SDKROOT; };
		E5BE7DC920FE8B0A00004389 /* PCSC */ = {isa = PBXFileReference; lastKnownFileType = folder; path = PCSC; sourceTree = "<group>"; };
		E5BE7DCA20FE8CF100004389 /* CSP */ = {isa = PBXFileReference; lastKnownFileType = folder; path = CSP; sourceTree = "<group>"; };
		E5BE7DCB20FE8D0E00004389 /* Crypto */ = {isa = PBXFileReference; lastKnownFileType = folder; path = Crypto; sourceTree = "<group>"; };
/* End PBXFileReference section */

/* Begin PBXFrameworksBuildPhase section */
		E5BE7D8520FE84D200004389 /* Frameworks */ = {
			isa = PBXFrameworksBuildPhase;
			buildActionMask = 2147483647;
			files = (
				E5BE7DC820FE8A9A00004389 /* PCSC.framework in Frameworks */,
			);
			runOnlyForDeploymentPostprocessing = 0;
		};
/* End PBXFrameworksBuildPhase section */

/* Begin PBXGroup section */
		E5BE7D7F20FE84D200004389 = {
			isa = PBXGroup;
			children = (
				E5BE7D8A20FE84D200004389 /* cie-pkcs11 */,
				E5BE7D8920FE84D200004389 /* Products */,
				E5BE7DC620FE8A9A00004389 /* Frameworks */,
			);
			sourceTree = "<group>";
		};
		E5BE7D8920FE84D200004389 /* Products */ = {
			isa = PBXGroup;
			children = (
				E5BE7D8820FE84D200004389 /* libcie-pkcs11.dylib */,
			);
			name = Products;
			sourceTree = "<group>";
		};
		E5BE7D8A20FE84D200004389 /* cie-pkcs11 */ = {
			isa = PBXGroup;
			children = (
				E5BE7DCB20FE8D0E00004389 /* Crypto */,
				E5BE7DC920FE8B0A00004389 /* PCSC */,
				E5BE7DC120FE85C800004389 /* Util */,
				E5BE7DCA20FE8CF100004389 /* CSP */,
				E5BE7D9620FE853800004389 /* PKCS11 */,
				E5BE7D8B20FE84D200004389 /* cie_pkcs11.hpp */,
				E5BE7D8D20FE84D200004389 /* cie_pkcs11Priv.hpp */,
				E5BE7D8F20FE84D200004389 /* cie_pkcs11.cpp */,
			);
			path = "cie-pkcs11";
			sourceTree = "<group>";
		};
		E5BE7D9620FE853800004389 /* PKCS11 */ = {
			isa = PBXGroup;
			children = (
				E5BE7DC420FE883300004389 /* wintypes.h */,
				E5BE7DBD20FE858500004389 /* pkcs11.h */,
				E5BE7DBB20FE858500004389 /* pkcs11f.h */,
				E5BE7DBC20FE858500004389 /* pkcs11t.h */,
				E5BE7DC220FE86DC00004389 /* win32.h */,
				E5BE7D9720FE853800004389 /* CardContext.cpp */,
				E5BE7D9820FE853800004389 /* CardContext.h */,
				E5BE7D9920FE853800004389 /* CardTemplate.cpp */,
				E5BE7D9A20FE853800004389 /* CardTemplate.h */,
				E5BE7D9B20FE853800004389 /* CIEP11Template.cpp */,
				E5BE7D9C20FE853800004389 /* CIEP11Template.h */,
				E5BE7D9D20FE853800004389 /* initP11.cpp */,
				E5BE7D9E20FE853800004389 /* InitP11.h */,
				E5BE7D9F20FE853800004389 /* Mechanism.cpp */,
				E5BE7DA020FE853800004389 /* Mechanism.h */,
				E5BE7DA120FE853800004389 /* P11Object.cpp */,
				E5BE7DA220FE853800004389 /* P11Object.h */,
				E5BE7DA320FE853800004389 /* PKCS11Functions.cpp */,
				E5BE7DA420FE853800004389 /* PKCS11Functions.h */,
				E5BE7DA520FE853800004389 /* session.cpp */,
				E5BE7DA620FE853800004389 /* session.h */,
				E5BE7DA720FE853800004389 /* Slot.cpp */,
				E5BE7DA820FE853800004389 /* Slot.h */,
			);
			path = PKCS11;
			sourceTree = "<group>";
		};
		E5BE7DC620FE8A9A00004389 /* Frameworks */ = {
			isa = PBXGroup;
			children = (
				E5BE7DC720FE8A9A00004389 /* PCSC.framework */,
			);
			name = Frameworks;
			sourceTree = "<group>";
		};
/* End PBXGroup section */

/* Begin PBXHeadersBuildPhase section */
		E5BE7D8620FE84D200004389 /* Headers */ = {
			isa = PBXHeadersBuildPhase;
			buildActionMask = 2147483647;
			files = (
				E5BE7DC320FE86DC00004389 /* win32.h in Headers */,
				E5BE7DBA20FE853800004389 /* Slot.h in Headers */,
				E5BE7D8E20FE84D200004389 /* cie_pkcs11Priv.hpp in Headers */,
				E5BE7DC520FE883300004389 /* wintypes.h in Headers */,
				E5BE7DAA20FE853800004389 /* CardContext.h in Headers */,
				E5BE7DB420FE853800004389 /* P11Object.h in Headers */,
				E5BE7DB620FE853800004389 /* PKCS11Functions.h in Headers */,
				E5BE7DAC20FE853800004389 /* CardTemplate.h in Headers */,
				E5BE7DB220FE853800004389 /* Mechanism.h in Headers */,
				E5BE7DC020FE858600004389 /* pkcs11.h in Headers */,
				E5BE7DB020FE853800004389 /* InitP11.h in Headers */,
				E5BE7DBE20FE858600004389 /* pkcs11f.h in Headers */,
				E5BE7DBF20FE858600004389 /* pkcs11t.h in Headers */,
				E5BE7D8C20FE84D200004389 /* cie_pkcs11.hpp in Headers */,
				E5BE7DAE20FE853800004389 /* CIEP11Template.h in Headers */,
				E5BE7DB820FE853800004389 /* session.h in Headers */,
			);
			runOnlyForDeploymentPostprocessing = 0;
		};
/* End PBXHeadersBuildPhase section */

/* Begin PBXNativeTarget section */
		E5BE7D8720FE84D200004389 /* cie-pkcs11 */ = {
			isa = PBXNativeTarget;
			buildConfigurationList = E5BE7D9320FE84D200004389 /* Build configuration list for PBXNativeTarget "cie-pkcs11" */;
			buildPhases = (
				E5BE7D8420FE84D200004389 /* Sources */,
				E5BE7D8520FE84D200004389 /* Frameworks */,
				E5BE7D8620FE84D200004389 /* Headers */,
			);
			buildRules = (
			);
			dependencies = (
			);
			name = "cie-pkcs11";
			productName = "cie-pkcs11";
			productReference = E5BE7D8820FE84D200004389 /* libcie-pkcs11.dylib */;
			productType = "com.apple.product-type.library.dynamic";
		};
/* End PBXNativeTarget section */

/* Begin PBXProject section */
		E5BE7D8020FE84D200004389 /* Project object */ = {
			isa = PBXProject;
			attributes = {
				LastUpgradeCheck = 0940;
				ORGANIZATIONNAME = IPZS;
				TargetAttributes = {
					E5BE7D8720FE84D200004389 = {
						CreatedOnToolsVersion = 9.4.1;
					};
				};
			};
			buildConfigurationList = E5BE7D8320FE84D200004389 /* Build configuration list for PBXProject "cie-pkcs11" */;
			compatibilityVersion = "Xcode 9.3";
			developmentRegion = en;
			hasScannedForEncodings = 0;
			knownRegions = (
				en,
			);
			mainGroup = E5BE7D7F20FE84D200004389;
			productRefGroup = E5BE7D8920FE84D200004389 /* Products */;
			projectDirPath = "";
			projectRoot = "";
			targets = (
				E5BE7D8720FE84D200004389 /* cie-pkcs11 */,
			);
		};
/* End PBXProject section */

/* Begin PBXSourcesBuildPhase section */
		E5BE7D8420FE84D200004389 /* Sources */ = {
			isa = PBXSourcesBuildPhase;
			buildActionMask = 2147483647;
			files = (
				E5BE7DB520FE853800004389 /* PKCS11Functions.cpp in Sources */,
				E5BE7DB320FE853800004389 /* P11Object.cpp in Sources */,
				E5BE7DB720FE853800004389 /* session.cpp in Sources */,
				E5BE7D9020FE84D200004389 /* cie_pkcs11.cpp in Sources */,
				E5BE7DAF20FE853800004389 /* initP11.cpp in Sources */,
				E5BE7DA920FE853800004389 /* CardContext.cpp in Sources */,
				E5BE7DAD20FE853800004389 /* CIEP11Template.cpp in Sources */,
				E5BE7DAB20FE853800004389 /* CardTemplate.cpp in Sources */,
				E5BE7DB120FE853800004389 /* Mechanism.cpp in Sources */,
				E5BE7DB920FE853800004389 /* Slot.cpp in Sources */,
			);
			runOnlyForDeploymentPostprocessing = 0;
		};
/* End PBXSourcesBuildPhase section */

/* Begin XCBuildConfiguration section */
		E5BE7D9120FE84D200004389 /* Debug */ = {
			isa = XCBuildConfiguration;
			buildSettings = {
				ALWAYS_SEARCH_USER_PATHS = NO;
				CLANG_ANALYZER_NONNULL = YES;
				CLANG_ANALYZER_NUMBER_OBJECT_CONVERSION = YES_AGGRESSIVE;
				CLANG_CXX_LANGUAGE_STANDARD = "gnu++14";
				CLANG_CXX_LIBRARY = "libc++";
				CLANG_ENABLE_MODULES = YES;
				CLANG_ENABLE_OBJC_ARC = YES;
				CLANG_ENABLE_OBJC_WEAK = YES;
				CLANG_WARN_BLOCK_CAPTURE_AUTORELEASING = YES;
				CLANG_WARN_BOOL_CONVERSION = YES;
				CLANG_WARN_COMMA = YES;
				CLANG_WARN_CONSTANT_CONVERSION = YES;
				CLANG_WARN_DEPRECATED_OBJC_IMPLEMENTATIONS = YES;
				CLANG_WARN_DIRECT_OBJC_ISA_USAGE = YES_ERROR;
				CLANG_WARN_DOCUMENTATION_COMMENTS = YES;
				CLANG_WARN_EMPTY_BODY = YES;
				CLANG_WARN_ENUM_CONVERSION = YES;
				CLANG_WARN_INFINITE_RECURSION = YES;
				CLANG_WARN_INT_CONVERSION = YES;
				CLANG_WARN_NON_LITERAL_NULL_CONVERSION = YES;
				CLANG_WARN_OBJC_IMPLICIT_RETAIN_SELF = YES;
				CLANG_WARN_OBJC_LITERAL_CONVERSION = YES;
				CLANG_WARN_OBJC_ROOT_CLASS = YES_ERROR;
				CLANG_WARN_RANGE_LOOP_ANALYSIS = YES;
				CLANG_WARN_STRICT_PROTOTYPES = YES;
				CLANG_WARN_SUSPICIOUS_MOVE = YES;
				CLANG_WARN_UNGUARDED_AVAILABILITY = YES_AGGRESSIVE;
				CLANG_WARN_UNREACHABLE_CODE = YES;
				CLANG_WARN__DUPLICATE_METHOD_MATCH = YES;
				CODE_SIGN_IDENTITY = "Mac Developer";
				COPY_PHASE_STRIP = NO;
				DEBUG_INFORMATION_FORMAT = dwarf;
				ENABLE_STRICT_OBJC_MSGSEND = YES;
				ENABLE_TESTABILITY = YES;
				GCC_C_LANGUAGE_STANDARD = gnu11;
				GCC_DYNAMIC_NO_PIC = NO;
				GCC_NO_COMMON_BLOCKS = YES;
				GCC_OPTIMIZATION_LEVEL = 0;
				GCC_PREPROCESSOR_DEFINITIONS = (
					"DEBUG=1",
					"$(inherited)",
				);
				GCC_WARN_64_TO_32_BIT_CONVERSION = YES;
				GCC_WARN_ABOUT_RETURN_TYPE = YES_ERROR;
				GCC_WARN_UNDECLARED_SELECTOR = YES;
				GCC_WARN_UNINITIALIZED_AUTOS = YES_AGGRESSIVE;
				GCC_WARN_UNUSED_FUNCTION = YES;
				GCC_WARN_UNUSED_VARIABLE = YES;
				MACOSX_DEPLOYMENT_TARGET = 10.13;
				MTL_ENABLE_DEBUG_INFO = YES;
				ONLY_ACTIVE_ARCH = YES;
				SDKROOT = macosx;
			};
			name = Debug;
		};
		E5BE7D9220FE84D200004389 /* Release */ = {
			isa = XCBuildConfiguration;
			buildSettings = {
				ALWAYS_SEARCH_USER_PATHS = NO;
				CLANG_ANALYZER_NONNULL = YES;
				CLANG_ANALYZER_NUMBER_OBJECT_CONVERSION = YES_AGGRESSIVE;
				CLANG_CXX_LANGUAGE_STANDARD = "gnu++14";
				CLANG_CXX_LIBRARY = "libc++";
				CLANG_ENABLE_MODULES = YES;
				CLANG_ENABLE_OBJC_ARC = YES;
				CLANG_ENABLE_OBJC_WEAK = YES;
				CLANG_WARN_BLOCK_CAPTURE_AUTORELEASING = YES;
				CLANG_WARN_BOOL_CONVERSION = YES;
				CLANG_WARN_COMMA = YES;
				CLANG_WARN_CONSTANT_CONVERSION = YES;
				CLANG_WARN_DEPRECATED_OBJC_IMPLEMENTATIONS = YES;
				CLANG_WARN_DIRECT_OBJC_ISA_USAGE = YES_ERROR;
				CLANG_WARN_DOCUMENTATION_COMMENTS = YES;
				CLANG_WARN_EMPTY_BODY = YES;
				CLANG_WARN_ENUM_CONVERSION = YES;
				CLANG_WARN_INFINITE_RECURSION = YES;
				CLANG_WARN_INT_CONVERSION = YES;
				CLANG_WARN_NON_LITERAL_NULL_CONVERSION = YES;
				CLANG_WARN_OBJC_IMPLICIT_RETAIN_SELF = YES;
				CLANG_WARN_OBJC_LITERAL_CONVERSION = YES;
				CLANG_WARN_OBJC_ROOT_CLASS = YES_ERROR;
				CLANG_WARN_RANGE_LOOP_ANALYSIS = YES;
				CLANG_WARN_STRICT_PROTOTYPES = YES;
				CLANG_WARN_SUSPICIOUS_MOVE = YES;
				CLANG_WARN_UNGUARDED_AVAILABILITY = YES_AGGRESSIVE;
				CLANG_WARN_UNREACHABLE_CODE = YES;
				CLANG_WARN__DUPLICATE_METHOD_MATCH = YES;
				CODE_SIGN_IDENTITY = "Mac Developer";
				COPY_PHASE_STRIP = NO;
				DEBUG_INFORMATION_FORMAT = "dwarf-with-dsym";
				ENABLE_NS_ASSERTIONS = NO;
				ENABLE_STRICT_OBJC_MSGSEND = YES;
				GCC_C_LANGUAGE_STANDARD = gnu11;
				GCC_NO_COMMON_BLOCKS = YES;
				GCC_WARN_64_TO_32_BIT_CONVERSION = YES;
				GCC_WARN_ABOUT_RETURN_TYPE = YES_ERROR;
				GCC_WARN_UNDECLARED_SELECTOR = YES;
				GCC_WARN_UNINITIALIZED_AUTOS = YES_AGGRESSIVE;
				GCC_WARN_UNUSED_FUNCTION = YES;
				GCC_WARN_UNUSED_VARIABLE = YES;
				MACOSX_DEPLOYMENT_TARGET = 10.13;
				MTL_ENABLE_DEBUG_INFO = NO;
				SDKROOT = macosx;
			};
			name = Release;
		};
		E5BE7D9420FE84D200004389 /* Debug */ = {
			isa = XCBuildConfiguration;
			buildSettings = {
				CODE_SIGN_STYLE = Automatic;
				DEVELOPMENT_TEAM = UV5M7CH7SB;
				DYLIB_COMPATIBILITY_VERSION = 1;
				DYLIB_CURRENT_VERSION = 1;
				EXECUTABLE_PREFIX = lib;
				GCC_ENABLE_CPP_EXCEPTIONS = YES;
				GCC_ENABLE_CPP_RTTI = YES;
				GCC_SYMBOLS_PRIVATE_EXTERN = YES;
				PRODUCT_NAME = "$(TARGET_NAME)";
				SKIP_INSTALL = YES;
			};
			name = Debug;
		};
		E5BE7D9520FE84D200004389 /* Release */ = {
			isa = XCBuildConfiguration;
			buildSettings = {
				CODE_SIGN_STYLE = Automatic;
				DEVELOPMENT_TEAM = UV5M7CH7SB;
				DYLIB_COMPATIBILITY_VERSION = 1;
				DYLIB_CURRENT_VERSION = 1;
				EXECUTABLE_PREFIX = lib;
				GCC_ENABLE_CPP_EXCEPTIONS = YES;
				GCC_ENABLE_CPP_RTTI = YES;
				GCC_SYMBOLS_PRIVATE_EXTERN = YES;
				PRODUCT_NAME = "$(TARGET_NAME)";
				SKIP_INSTALL = YES;
			};
			name = Release;
		};
/* End XCBuildConfiguration section */

/* Begin XCConfigurationList section */
		E5BE7D8320FE84D200004389 /* Build configuration list for PBXProject "cie-pkcs11" */ = {
			isa = XCConfigurationList;
			buildConfigurations = (
				E5BE7D9120FE84D200004389 /* Debug */,
				E5BE7D9220FE84D200004389 /* Release */,
			);
			defaultConfigurationIsVisible = 0;
			defaultConfigurationName = Release;
		};
		E5BE7D9320FE84D200004389 /* Build configuration list for PBXNativeTarget "cie-pkcs11" */ = {
			isa = XCConfigurationList;
			buildConfigurations = (
				E5BE7D9420FE84D200004389 /* Debug */,
				E5BE7D9520FE84D200004389 /* Release */,
			);
			defaultConfigurationIsVisible = 0;
			defaultConfigurationName = Release;
		};
/* End XCConfigurationList section */
	};
	rootObject = E5BE7D8020FE84D200004389 /* Project object */;
}
